// !$*UTF8*$!
{
	archiveVersion = 1;
	classes = {
	};
	objectVersion = 55;
	objects = {

/* Begin PBXBuildFile section */
		254596EA28C3873900FF4A06 /* DIContainer.docc in Sources */ = {isa = PBXBuildFile; fileRef = 254596E928C3873900FF4A06 /* DIContainer.docc */; };
		254596F028C3873900FF4A06 /* DIContainer.framework in Frameworks */ = {isa = PBXBuildFile; fileRef = 254596E528C3873900FF4A06 /* DIContainer.framework */; };
		254596F528C3873900FF4A06 /* DIContainerTests.swift in Sources */ = {isa = PBXBuildFile; fileRef = 254596F428C3873900FF4A06 /* DIContainerTests.swift */; };
		254596F628C3873900FF4A06 /* DIContainer.h in Headers */ = {isa = PBXBuildFile; fileRef = 254596E828C3873900FF4A06 /* DIContainer.h */; settings = {ATTRIBUTES = (Public, ); }; };
		254C050528C38C9800FE62EB /* DIContainer.swift in Sources */ = {isa = PBXBuildFile; fileRef = 254C050428C38C9800FE62EB /* DIContainer.swift */; };
/* End PBXBuildFile section */

/* Begin PBXContainerItemProxy section */
		254596F128C3873900FF4A06 /* PBXContainerItemProxy */ = {
			isa = PBXContainerItemProxy;
			containerPortal = 254596DC28C3873900FF4A06 /* Project object */;
			proxyType = 1;
			remoteGlobalIDString = 254596E428C3873900FF4A06;
			remoteInfo = DIContainer;
		};
/* End PBXContainerItemProxy section */

/* Begin PBXFileReference section */
		254596E528C3873900FF4A06 /* DIContainer.framework */ = {isa = PBXFileReference; explicitFileType = wrapper.framework; includeInIndex = 0; path = DIContainer.framework; sourceTree = BUILT_PRODUCTS_DIR; };
		254596E828C3873900FF4A06 /* DIContainer.h */ = {isa = PBXFileReference; lastKnownFileType = sourcecode.c.h; path = DIContainer.h; sourceTree = "<group>"; };
		254596E928C3873900FF4A06 /* DIContainer.docc */ = {isa = PBXFileReference; lastKnownFileType = folder.documentationcatalog; path = DIContainer.docc; sourceTree = "<group>"; };
		254596EF28C3873900FF4A06 /* DIContainerTests.xctest */ = {isa = PBXFileReference; explicitFileType = wrapper.cfbundle; includeInIndex = 0; path = DIContainerTests.xctest; sourceTree = BUILT_PRODUCTS_DIR; };
		254596F428C3873900FF4A06 /* DIContainerTests.swift */ = {isa = PBXFileReference; lastKnownFileType = sourcecode.swift; path = DIContainerTests.swift; sourceTree = "<group>"; };
		254C050428C38C9800FE62EB /* DIContainer.swift */ = {isa = PBXFileReference; lastKnownFileType = sourcecode.swift; path = DIContainer.swift; sourceTree = "<group>"; };
/* End PBXFileReference section */

/* Begin PBXFrameworksBuildPhase section */
		254596E228C3873900FF4A06 /* Frameworks */ = {
			isa = PBXFrameworksBuildPhase;
			buildActionMask = 2147483647;
			files = (
			);
			runOnlyForDeploymentPostprocessing = 0;
		};
		254596EC28C3873900FF4A06 /* Frameworks */ = {
			isa = PBXFrameworksBuildPhase;
			buildActionMask = 2147483647;
			files = (
				254596F028C3873900FF4A06 /* DIContainer.framework in Frameworks */,
			);
			runOnlyForDeploymentPostprocessing = 0;
		};
/* End PBXFrameworksBuildPhase section */

/* Begin PBXGroup section */
		254596DB28C3873900FF4A06 = {
			isa = PBXGroup;
			children = (
				254596E728C3873900FF4A06 /* DIContainer */,
				254596F328C3873900FF4A06 /* DIContainerTests */,
				254596E628C3873900FF4A06 /* Products */,
			);
			sourceTree = "<group>";
		};
		254596E628C3873900FF4A06 /* Products */ = {
			isa = PBXGroup;
			children = (
				254596E528C3873900FF4A06 /* DIContainer.framework */,
				254596EF28C3873900FF4A06 /* DIContainerTests.xctest */,
			);
			name = Products;
			sourceTree = "<group>";
		};
		254596E728C3873900FF4A06 /* DIContainer */ = {
			isa = PBXGroup;
			children = (
				254C050428C38C9800FE62EB /* DIContainer.swift */,
				254596E828C3873900FF4A06 /* DIContainer.h */,
				254596E928C3873900FF4A06 /* DIContainer.docc */,
			);
			path = DIContainer;
			sourceTree = "<group>";
		};
		254596F328C3873900FF4A06 /* DIContainerTests */ = {
			isa = PBXGroup;
			children = (
				254596F428C3873900FF4A06 /* DIContainerTests.swift */,
			);
			path = DIContainerTests;
			sourceTree = "<group>";
		};
/* End PBXGroup section */

/* Begin PBXHeadersBuildPhase section */
		254596E028C3873900FF4A06 /* Headers */ = {
			isa = PBXHeadersBuildPhase;
			buildActionMask = 2147483647;
			files = (
				254596F628C3873900FF4A06 /* DIContainer.h in Headers */,
			);
			runOnlyForDeploymentPostprocessing = 0;
		};
/* End PBXHeadersBuildPhase section */

/* Begin PBXNativeTarget section */
		254596E428C3873900FF4A06 /* DIContainer */ = {
			isa = PBXNativeTarget;
			buildConfigurationList = 254596F928C3873900FF4A06 /* Build configuration list for PBXNativeTarget "DIContainer" */;
			buildPhases = (
				254596E028C3873900FF4A06 /* Headers */,
				254596E128C3873900FF4A06 /* Sources */,
				254596E228C3873900FF4A06 /* Frameworks */,
				254596E328C3873900FF4A06 /* Resources */,
			);
			buildRules = (
			);
			dependencies = (
			);
			name = DIContainer;
			productName = DIContainer;
			productReference = 254596E528C3873900FF4A06 /* DIContainer.framework */;
			productType = "com.apple.product-type.framework";
		};
		254596EE28C3873900FF4A06 /* DIContainerTests */ = {
			isa = PBXNativeTarget;
			buildConfigurationList = 254596FC28C3873900FF4A06 /* Build configuration list for PBXNativeTarget "DIContainerTests" */;
			buildPhases = (
				254596EB28C3873900FF4A06 /* Sources */,
				254596EC28C3873900FF4A06 /* Frameworks */,
				254596ED28C3873900FF4A06 /* Resources */,
			);
			buildRules = (
			);
			dependencies = (
				254596F228C3873900FF4A06 /* PBXTargetDependency */,
			);
			name = DIContainerTests;
			productName = DIContainerTests;
			productReference = 254596EF28C3873900FF4A06 /* DIContainerTests.xctest */;
			productType = "com.apple.product-type.bundle.unit-test";
		};
/* End PBXNativeTarget section */

/* Begin PBXProject section */
		254596DC28C3873900FF4A06 /* Project object */ = {
			isa = PBXProject;
			attributes = {
				BuildIndependentTargetsInParallel = 1;
				LastSwiftUpdateCheck = 1340;
				LastUpgradeCheck = 1340;
				TargetAttributes = {
					254596E428C3873900FF4A06 = {
						CreatedOnToolsVersion = 13.4.1;
					};
					254596EE28C3873900FF4A06 = {
						CreatedOnToolsVersion = 13.4.1;
					};
				};
			};
			buildConfigurationList = 254596DF28C3873900FF4A06 /* Build configuration list for PBXProject "DIContainer" */;
			compatibilityVersion = "Xcode 13.0";
			developmentRegion = en;
			hasScannedForEncodings = 0;
			knownRegions = (
				en,
				Base,
			);
			mainGroup = 254596DB28C3873900FF4A06;
			productRefGroup = 254596E628C3873900FF4A06 /* Products */;
			projectDirPath = "";
			projectRoot = "";
			targets = (
				254596E428C3873900FF4A06 /* DIContainer */,
				254596EE28C3873900FF4A06 /* DIContainerTests */,
			);
		};
/* End PBXProject section */

/* Begin PBXResourcesBuildPhase section */
		254596E328C3873900FF4A06 /* Resources */ = {
			isa = PBXResourcesBuildPhase;
			buildActionMask = 2147483647;
			files = (
			);
			runOnlyForDeploymentPostprocessing = 0;
		};
		254596ED28C3873900FF4A06 /* Resources */ = {
			isa = PBXResourcesBuildPhase;
			buildActionMask = 2147483647;
			files = (
			);
			runOnlyForDeploymentPostprocessing = 0;
		};
/* End PBXResourcesBuildPhase section */

/* Begin PBXSourcesBuildPhase section */
		254596E128C3873900FF4A06 /* Sources */ = {
			isa = PBXSourcesBuildPhase;
			buildActionMask = 2147483647;
			files = (
				254C050528C38C9800FE62EB /* DIContainer.swift in Sources */,
				254596EA28C3873900FF4A06 /* DIContainer.docc in Sources */,
			);
			runOnlyForDeploymentPostprocessing = 0;
		};
		254596EB28C3873900FF4A06 /* Sources */ = {
			isa = PBXSourcesBuildPhase;
			buildActionMask = 2147483647;
			files = (
				254596F528C3873900FF4A06 /* DIContainerTests.swift in Sources */,
			);
			runOnlyForDeploymentPostprocessing = 0;
		};
/* End PBXSourcesBuildPhase section */

/* Begin PBXTargetDependency section */
		254596F228C3873900FF4A06 /* PBXTargetDependency */ = {
			isa = PBXTargetDependency;
			target = 254596E428C3873900FF4A06 /* DIContainer */;
			targetProxy = 254596F128C3873900FF4A06 /* PBXContainerItemProxy */;
		};
/* End PBXTargetDependency section */

/* Begin XCBuildConfiguration section */
		254596F728C3873900FF4A06 /* Debug */ = {
			isa = XCBuildConfiguration;
			buildSettings = {
				ALWAYS_SEARCH_USER_PATHS = NO;
				CLANG_ANALYZER_NONNULL = YES;
				CLANG_ANALYZER_NUMBER_OBJECT_CONVERSION = YES_AGGRESSIVE;
				CLANG_CXX_LANGUAGE_STANDARD = "gnu++17";
				CLANG_ENABLE_MODULES = YES;
				CLANG_ENABLE_OBJC_ARC = YES;
				CLANG_ENABLE_OBJC_WEAK = YES;
				CLANG_WARN_BLOCK_CAPTURE_AUTORELEASING = YES;
				CLANG_WARN_BOOL_CONVERSION = YES;
				CLANG_WARN_COMMA = YES;
				CLANG_WARN_CONSTANT_CONVERSION = YES;
				CLANG_WARN_DEPRECATED_OBJC_IMPLEMENTATIONS = YES;
				CLANG_WARN_DIRECT_OBJC_ISA_USAGE = YES_ERROR;
				CLANG_WARN_DOCUMENTATION_COMMENTS = YES;
				CLANG_WARN_EMPTY_BODY = YES;
				CLANG_WARN_ENUM_CONVERSION = YES;
				CLANG_WARN_INFINITE_RECURSION = YES;
				CLANG_WARN_INT_CONVERSION = YES;
				CLANG_WARN_NON_LITERAL_NULL_CONVERSION = YES;
				CLANG_WARN_OBJC_IMPLICIT_RETAIN_SELF = YES;
				CLANG_WARN_OBJC_LITERAL_CONVERSION = YES;
				CLANG_WARN_OBJC_ROOT_CLASS = YES_ERROR;
				CLANG_WARN_QUOTED_INCLUDE_IN_FRAMEWORK_HEADER = YES;
				CLANG_WARN_RANGE_LOOP_ANALYSIS = YES;
				CLANG_WARN_STRICT_PROTOTYPES = YES;
				CLANG_WARN_SUSPICIOUS_MOVE = YES;
				CLANG_WARN_UNGUARDED_AVAILABILITY = YES_AGGRESSIVE;
				CLANG_WARN_UNREACHABLE_CODE = YES;
				CLANG_WARN__DUPLICATE_METHOD_MATCH = YES;
				COPY_PHASE_STRIP = NO;
				CURRENT_PROJECT_VERSION = 1;
				DEBUG_INFORMATION_FORMAT = dwarf;
				ENABLE_STRICT_OBJC_MSGSEND = YES;
				ENABLE_TESTABILITY = YES;
				GCC_C_LANGUAGE_STANDARD = gnu11;
				GCC_DYNAMIC_NO_PIC = NO;
				GCC_NO_COMMON_BLOCKS = YES;
				GCC_OPTIMIZATION_LEVEL = 0;
				GCC_PREPROCESSOR_DEFINITIONS = (
					"DEBUG=1",
					"$(inherited)",
				);
				GCC_WARN_64_TO_32_BIT_CONVERSION = YES;
				GCC_WARN_ABOUT_RETURN_TYPE = YES_ERROR;
				GCC_WARN_UNDECLARED_SELECTOR = YES;
				GCC_WARN_UNINITIALIZED_AUTOS = YES_AGGRESSIVE;
				GCC_WARN_UNUSED_FUNCTION = YES;
				GCC_WARN_UNUSED_VARIABLE = YES;
				IPHONEOS_DEPLOYMENT_TARGET = 15.5;
				MTL_ENABLE_DEBUG_INFO = INCLUDE_SOURCE;
				MTL_FAST_MATH = YES;
				ONLY_ACTIVE_ARCH = YES;
				SDKROOT = iphoneos;
				SWIFT_ACTIVE_COMPILATION_CONDITIONS = DEBUG;
				SWIFT_OPTIMIZATION_LEVEL = "-Onone";
				VERSIONING_SYSTEM = "apple-generic";
				VERSION_INFO_PREFIX = "";
			};
			name = Debug;
		};
		254596F828C3873900FF4A06 /* Release */ = {
			isa = XCBuildConfiguration;
			buildSettings = {
				ALWAYS_SEARCH_USER_PATHS = NO;
				CLANG_ANALYZER_NONNULL = YES;
				CLANG_ANALYZER_NUMBER_OBJECT_CONVERSION = YES_AGGRESSIVE;
				CLANG_CXX_LANGUAGE_STANDARD = "gnu++17";
				CLANG_ENABLE_MODULES = YES;
				CLANG_ENABLE_OBJC_ARC = YES;
				CLANG_ENABLE_OBJC_WEAK = YES;
				CLANG_WARN_BLOCK_CAPTURE_AUTORELEASING = YES;
				CLANG_WARN_BOOL_CONVERSION = YES;
				CLANG_WARN_COMMA = YES;
				CLANG_WARN_CONSTANT_CONVERSION = YES;
				CLANG_WARN_DEPRECATED_OBJC_IMPLEMENTATIONS = YES;
				CLANG_WARN_DIRECT_OBJC_ISA_USAGE = YES_ERROR;
				CLANG_WARN_DOCUMENTATION_COMMENTS = YES;
				CLANG_WARN_EMPTY_BODY = YES;
				CLANG_WARN_ENUM_CONVERSION = YES;
				CLANG_WARN_INFINITE_RECURSION = YES;
				CLANG_WARN_INT_CONVERSION = YES;
				CLANG_WARN_NON_LITERAL_NULL_CONVERSION = YES;
				CLANG_WARN_OBJC_IMPLICIT_RETAIN_SELF = YES;
				CLANG_WARN_OBJC_LITERAL_CONVERSION = YES;
				CLANG_WARN_OBJC_ROOT_CLASS = YES_ERROR;
				CLANG_WARN_QUOTED_INCLUDE_IN_FRAMEWORK_HEADER = YES;
				CLANG_WARN_RANGE_LOOP_ANALYSIS = YES;
				CLANG_WARN_STRICT_PROTOTYPES = YES;
				CLANG_WARN_SUSPICIOUS_MOVE = YES;
				CLANG_WARN_UNGUARDED_AVAILABILITY = YES_AGGRESSIVE;
				CLANG_WARN_UNREACHABLE_CODE = YES;
				CLANG_WARN__DUPLICATE_METHOD_MATCH = YES;
				COPY_PHASE_STRIP = NO;
				CURRENT_PROJECT_VERSION = 1;
				DEBUG_INFORMATION_FORMAT = "dwarf-with-dsym";
				ENABLE_NS_ASSERTIONS = NO;
				ENABLE_STRICT_OBJC_MSGSEND = YES;
				GCC_C_LANGUAGE_STANDARD = gnu11;
				GCC_NO_COMMON_BLOCKS = YES;
				GCC_WARN_64_TO_32_BIT_CONVERSION = YES;
				GCC_WARN_ABOUT_RETURN_TYPE = YES_ERROR;
				GCC_WARN_UNDECLARED_SELECTOR = YES;
				GCC_WARN_UNINITIALIZED_AUTOS = YES_AGGRESSIVE;
				GCC_WARN_UNUSED_FUNCTION = YES;
				GCC_WARN_UNUSED_VARIABLE = YES;
				IPHONEOS_DEPLOYMENT_TARGET = 15.5;
				MTL_ENABLE_DEBUG_INFO = NO;
				MTL_FAST_MATH = YES;
				SDKROOT = iphoneos;
				SWIFT_COMPILATION_MODE = wholemodule;
				SWIFT_OPTIMIZATION_LEVEL = "-O";
				VALIDATE_PRODUCT = YES;
				VERSIONING_SYSTEM = "apple-generic";
				VERSION_INFO_PREFIX = "";
			};
			name = Release;
		};
		254596FA28C3873900FF4A06 /* Debug */ = {
			isa = XCBuildConfiguration;
			buildSettings = {
				CODE_SIGN_STYLE = Automatic;
				CURRENT_PROJECT_VERSION = 1;
				DEFINES_MODULE = YES;
				DEVELOPMENT_TEAM = S8NMR642D4;
				DYLIB_COMPATIBILITY_VERSION = 1;
				DYLIB_CURRENT_VERSION = 1;
				DYLIB_INSTALL_NAME_BASE = "@rpath";
				GENERATE_INFOPLIST_FILE = YES;
				INFOPLIST_KEY_NSHumanReadableCopyright = "";
				INSTALL_PATH = "$(LOCAL_LIBRARY_DIR)/Frameworks";
				LD_RUNPATH_SEARCH_PATHS = (
					"$(inherited)",
					"@executable_path/Frameworks",
					"@loader_path/Frameworks",
				);
				MARKETING_VERSION = 1.0;
				PRODUCT_BUNDLE_IDENTIFIER = kang.DIContainer;
				PRODUCT_NAME = "$(TARGET_NAME:c99extidentifier)";
				SKIP_INSTALL = YES;
				SWIFT_EMIT_LOC_STRINGS = YES;
				SWIFT_VERSION = 5.0;
				TARGETED_DEVICE_FAMILY = "1,2";
			};
			name = Debug;
		};
		254596FB28C3873900FF4A06 /* Release */ = {
			isa = XCBuildConfiguration;
			buildSettings = {
				CODE_SIGN_STYLE = Automatic;
				CURRENT_PROJECT_VERSION = 1;
				DEFINES_MODULE = YES;
				DEVELOPMENT_TEAM = S8NMR642D4;
				DYLIB_COMPATIBILITY_VERSION = 1;
				DYLIB_CURRENT_VERSION = 1;
				DYLIB_INSTALL_NAME_BASE = "@rpath";
				GENERATE_INFOPLIST_FILE = YES;
				INFOPLIST_KEY_NSHumanReadableCopyright = "";
				INSTALL_PATH = "$(LOCAL_LIBRARY_DIR)/Frameworks";
				LD_RUNPATH_SEARCH_PATHS = (
					"$(inherited)",
					"@executable_path/Frameworks",
					"@loader_path/Frameworks",
				);
				MARKETING_VERSION = 1.0;
				PRODUCT_BUNDLE_IDENTIFIER = kang.DIContainer;
				PRODUCT_NAME = "$(TARGET_NAME:c99extidentifier)";
				SKIP_INSTALL = YES;
				SWIFT_EMIT_LOC_STRINGS = YES;
				SWIFT_VERSION = 5.0;
				TARGETED_DEVICE_FAMILY = "1,2";
			};
			name = Release;
		};
		254596FD28C3873900FF4A06 /* Debug */ = {
			isa = XCBuildConfiguration;
			buildSettings = {
				ALWAYS_EMBED_SWIFT_STANDARD_LIBRARIES = YES;
				CODE_SIGN_STYLE = Automatic;
				CURRENT_PROJECT_VERSION = 1;
				DEVELOPMENT_TEAM = S8NMR642D4;
				GENERATE_INFOPLIST_FILE = YES;
				MARKETING_VERSION = 1.0;
				PRODUCT_BUNDLE_IDENTIFIER = kang.DIContainerTests;
				PRODUCT_NAME = "$(TARGET_NAME)";
				SWIFT_EMIT_LOC_STRINGS = NO;
				SWIFT_VERSION = 5.0;
				TARGETED_DEVICE_FAMILY = "1,2";
			};
			name = Debug;
		};
		254596FE28C3873900FF4A06 /* Release */ = {
			isa = XCBuildConfiguration;
			buildSettings = {
				ALWAYS_EMBED_SWIFT_STANDARD_LIBRARIES = YES;
				CODE_SIGN_STYLE = Automatic;
				CURRENT_PROJECT_VERSION = 1;
				DEVELOPMENT_TEAM = S8NMR642D4;
				GENERATE_INFOPLIST_FILE = YES;
				MARKETING_VERSION = 1.0;
				PRODUCT_BUNDLE_IDENTIFIER = kang.DIContainerTests;
				PRODUCT_NAME = "$(TARGET_NAME)";
				SWIFT_EMIT_LOC_STRINGS = NO;
				SWIFT_VERSION = 5.0;
				TARGETED_DEVICE_FAMILY = "1,2";
			};
			name = Release;
		};
/* End XCBuildConfiguration section */

/* Begin XCConfigurationList section */
		254596DF28C3873900FF4A06 /* Build configuration list for PBXProject "DIContainer" */ = {
			isa = XCConfigurationList;
			buildConfigurations = (
				254596F728C3873900FF4A06 /* Debug */,
				254596F828C3873900FF4A06 /* Release */,
			);
			defaultConfigurationIsVisible = 0;
			defaultConfigurationName = Release;
		};
		254596F928C3873900FF4A06 /* Build configuration list for PBXNativeTarget "DIContainer" */ = {
			isa = XCConfigurationList;
			buildConfigurations = (
				254596FA28C3873900FF4A06 /* Debug */,
				254596FB28C3873900FF4A06 /* Release */,
			);
			defaultConfigurationIsVisible = 0;
			defaultConfigurationName = Release;
		};
		254596FC28C3873900FF4A06 /* Build configuration list for PBXNativeTarget "DIContainerTests" */ = {
			isa = XCConfigurationList;
			buildConfigurations = (
				254596FD28C3873900FF4A06 /* Debug */,
				254596FE28C3873900FF4A06 /* Release */,
			);
			defaultConfigurationIsVisible = 0;
			defaultConfigurationName = Release;
		};
/* End XCConfigurationList section */
	};
	rootObject = 254596DC28C3873900FF4A06 /* Project object */;
}
