// !$*UTF8*$!
{
	archiveVersion = 1;
	classes = {
	};
	objectVersion = 55;
	objects = {

/* Begin PBXBuildFile section */
		254596D128C231C200FF4A06 /* AppDelegate.swift in Sources */ = {isa = PBXBuildFile; fileRef = 254596D028C231C200FF4A06 /* AppDelegate.swift */; };
		254596D328C2323E00FF4A06 /* SceneDelegate.swift in Sources */ = {isa = PBXBuildFile; fileRef = 254596D228C2323E00FF4A06 /* SceneDelegate.swift */; };
		254596D528C232C000FF4A06 /* HomePresenter.swift in Sources */ = {isa = PBXBuildFile; fileRef = 254596D428C232C000FF4A06 /* HomePresenter.swift */; };
		254596D728C232CA00FF4A06 /* UserInteractor.swift in Sources */ = {isa = PBXBuildFile; fileRef = 254596D628C232CA00FF4A06 /* UserInteractor.swift */; };
		254596DA28C380EC00FF4A06 /* LoginView.swift in Sources */ = {isa = PBXBuildFile; fileRef = 254596D928C380EC00FF4A06 /* LoginView.swift */; };
		254C050E28D0DE9400FE62EB /* AppBootLoader.swift in Sources */ = {isa = PBXBuildFile; fileRef = 254C050D28D0DE9400FE62EB /* AppBootLoader.swift */; };
		254C051128D0E0DA00FE62EB /* Swinject in Frameworks */ = {isa = PBXBuildFile; productRef = 254C051028D0E0DA00FE62EB /* Swinject */; };
		254C051728D0E6CB00FE62EB /* UserAuthorization+Router.swift in Sources */ = {isa = PBXBuildFile; fileRef = 254C051628D0E6CB00FE62EB /* UserAuthorization+Router.swift */; };
		254C051F28D4A7AD00FE62EB /* MainTab.swift in Sources */ = {isa = PBXBuildFile; fileRef = 254C051E28D4A7AD00FE62EB /* MainTab.swift */; };
		254C052828D4A9E000FE62EB /* Home+View.swift in Sources */ = {isa = PBXBuildFile; fileRef = 254C052728D4A9E000FE62EB /* Home+View.swift */; };
		254C052A28D4A9EE00FE62EB /* Library+View.swift in Sources */ = {isa = PBXBuildFile; fileRef = 254C052928D4A9EE00FE62EB /* Library+View.swift */; };
		254C052C28D4AA0B00FE62EB /* Character+View.swift in Sources */ = {isa = PBXBuildFile; fileRef = 254C052B28D4AA0B00FE62EB /* Character+View.swift */; };
		254C052E28D4AA1500FE62EB /* History+View.swift in Sources */ = {isa = PBXBuildFile; fileRef = 254C052D28D4AA1500FE62EB /* History+View.swift */; };
		254C053028D4AA1C00FE62EB /* Profile+View.swift in Sources */ = {isa = PBXBuildFile; fileRef = 254C052F28D4AA1C00FE62EB /* Profile+View.swift */; };
		254C053428D4AFAD00FE62EB /* Home+Router.swift in Sources */ = {isa = PBXBuildFile; fileRef = 254C053328D4AFAD00FE62EB /* Home+Router.swift */; };
		254C053628D4B71700FE62EB /* Main+Router.swift in Sources */ = {isa = PBXBuildFile; fileRef = 254C053528D4B71700FE62EB /* Main+Router.swift */; };
		2569422528DA0AC9008FEC81 /* Color+Hex.swift in Sources */ = {isa = PBXBuildFile; fileRef = 2569422428DA0AC9008FEC81 /* Color+Hex.swift */; };
		2569422728DA0CEF008FEC81 /* HomeInteractor.swift in Sources */ = {isa = PBXBuildFile; fileRef = 2569422628DA0CEF008FEC81 /* HomeInteractor.swift */; };
		2569422928DA0E4F008FEC81 /* Color+Random.swift in Sources */ = {isa = PBXBuildFile; fileRef = 2569422828DA0E4F008FEC81 /* Color+Random.swift */; };
		2569422B28DA12FE008FEC81 /* Presenter.swift in Sources */ = {isa = PBXBuildFile; fileRef = 2569422A28DA12FE008FEC81 /* Presenter.swift */; };
		2569422D28DA18A9008FEC81 /* AppLoader.swift in Sources */ = {isa = PBXBuildFile; fileRef = 2569422C28DA18A9008FEC81 /* AppLoader.swift */; };
		2569423028DA1E0D008FEC81 /* ModuleFactory.swift in Sources */ = {isa = PBXBuildFile; fileRef = 2569422F28DA1E0D008FEC81 /* ModuleFactory.swift */; };
		2569423328DA209C008FEC81 /* HomeModule.swift in Sources */ = {isa = PBXBuildFile; fileRef = 2569423228DA209C008FEC81 /* HomeModule.swift */; };
		25A8017B28C0F69000ED00E9 /* ContentView.swift in Sources */ = {isa = PBXBuildFile; fileRef = 25A8017A28C0F69000ED00E9 /* ContentView.swift */; };
		25A8017D28C0F69100ED00E9 /* Assets.xcassets in Resources */ = {isa = PBXBuildFile; fileRef = 25A8017C28C0F69100ED00E9 /* Assets.xcassets */; };
		25A8018028C0F69100ED00E9 /* Preview Assets.xcassets in Resources */ = {isa = PBXBuildFile; fileRef = 25A8017F28C0F69100ED00E9 /* Preview Assets.xcassets */; };
/* End PBXBuildFile section */

/* Begin PBXFileReference section */
		254596D028C231C200FF4A06 /* AppDelegate.swift */ = {isa = PBXFileReference; lastKnownFileType = sourcecode.swift; path = AppDelegate.swift; sourceTree = "<group>"; };
		254596D228C2323E00FF4A06 /* SceneDelegate.swift */ = {isa = PBXFileReference; lastKnownFileType = sourcecode.swift; path = SceneDelegate.swift; sourceTree = "<group>"; };
		254596D428C232C000FF4A06 /* HomePresenter.swift */ = {isa = PBXFileReference; lastKnownFileType = sourcecode.swift; path = HomePresenter.swift; sourceTree = "<group>"; };
		254596D628C232CA00FF4A06 /* UserInteractor.swift */ = {isa = PBXFileReference; lastKnownFileType = sourcecode.swift; path = UserInteractor.swift; sourceTree = "<group>"; };
		254596D828C2353600FF4A06 /* Info.plist */ = {isa = PBXFileReference; lastKnownFileType = text.plist; path = Info.plist; sourceTree = "<group>"; };
		254596D928C380EC00FF4A06 /* LoginView.swift */ = {isa = PBXFileReference; lastKnownFileType = sourcecode.swift; path = LoginView.swift; sourceTree = "<group>"; };
		2545970028C3876A00FF4A06 /* DIContainer.framework */ = {isa = PBXFileReference; explicitFileType = wrapper.framework; path = DIContainer.framework; sourceTree = BUILT_PRODUCTS_DIR; };
		254C050D28D0DE9400FE62EB /* AppBootLoader.swift */ = {isa = PBXFileReference; lastKnownFileType = sourcecode.swift; path = AppBootLoader.swift; sourceTree = "<group>"; };
		254C051628D0E6CB00FE62EB /* UserAuthorization+Router.swift */ = {isa = PBXFileReference; lastKnownFileType = sourcecode.swift; path = "UserAuthorization+Router.swift"; sourceTree = "<group>"; };
		254C051E28D4A7AD00FE62EB /* MainTab.swift */ = {isa = PBXFileReference; lastKnownFileType = sourcecode.swift; path = MainTab.swift; sourceTree = "<group>"; };
		254C052728D4A9E000FE62EB /* Home+View.swift */ = {isa = PBXFileReference; lastKnownFileType = sourcecode.swift; path = "Home+View.swift"; sourceTree = "<group>"; };
		254C052928D4A9EE00FE62EB /* Library+View.swift */ = {isa = PBXFileReference; lastKnownFileType = sourcecode.swift; path = "Library+View.swift"; sourceTree = "<group>"; };
		254C052B28D4AA0B00FE62EB /* Character+View.swift */ = {isa = PBXFileReference; lastKnownFileType = sourcecode.swift; path = "Character+View.swift"; sourceTree = "<group>"; };
		254C052D28D4AA1500FE62EB /* History+View.swift */ = {isa = PBXFileReference; lastKnownFileType = sourcecode.swift; path = "History+View.swift"; sourceTree = "<group>"; };
		254C052F28D4AA1C00FE62EB /* Profile+View.swift */ = {isa = PBXFileReference; lastKnownFileType = sourcecode.swift; path = "Profile+View.swift"; sourceTree = "<group>"; };
		254C053328D4AFAD00FE62EB /* Home+Router.swift */ = {isa = PBXFileReference; lastKnownFileType = sourcecode.swift; path = "Home+Router.swift"; sourceTree = "<group>"; };
		254C053528D4B71700FE62EB /* Main+Router.swift */ = {isa = PBXFileReference; lastKnownFileType = sourcecode.swift; path = "Main+Router.swift"; sourceTree = "<group>"; };
		2569422428DA0AC9008FEC81 /* Color+Hex.swift */ = {isa = PBXFileReference; lastKnownFileType = sourcecode.swift; path = "Color+Hex.swift"; sourceTree = "<group>"; };
		2569422628DA0CEF008FEC81 /* HomeInteractor.swift */ = {isa = PBXFileReference; lastKnownFileType = sourcecode.swift; path = HomeInteractor.swift; sourceTree = "<group>"; };
		2569422828DA0E4F008FEC81 /* Color+Random.swift */ = {isa = PBXFileReference; lastKnownFileType = sourcecode.swift; path = "Color+Random.swift"; sourceTree = "<group>"; };
		2569422A28DA12FE008FEC81 /* Presenter.swift */ = {isa = PBXFileReference; lastKnownFileType = sourcecode.swift; path = Presenter.swift; sourceTree = "<group>"; };
		2569422C28DA18A9008FEC81 /* AppLoader.swift */ = {isa = PBXFileReference; lastKnownFileType = sourcecode.swift; path = AppLoader.swift; sourceTree = "<group>"; };
		2569422F28DA1E0D008FEC81 /* ModuleFactory.swift */ = {isa = PBXFileReference; lastKnownFileType = sourcecode.swift; path = ModuleFactory.swift; sourceTree = "<group>"; };
		2569423228DA209C008FEC81 /* HomeModule.swift */ = {isa = PBXFileReference; lastKnownFileType = sourcecode.swift; path = HomeModule.swift; sourceTree = "<group>"; };
		25A8017528C0F69000ED00E9 /* VIPER-Swift.app */ = {isa = PBXFileReference; explicitFileType = wrapper.application; includeInIndex = 0; path = "VIPER-Swift.app"; sourceTree = BUILT_PRODUCTS_DIR; };
		25A8017A28C0F69000ED00E9 /* ContentView.swift */ = {isa = PBXFileReference; lastKnownFileType = sourcecode.swift; path = ContentView.swift; sourceTree = "<group>"; };
		25A8017C28C0F69100ED00E9 /* Assets.xcassets */ = {isa = PBXFileReference; lastKnownFileType = folder.assetcatalog; path = Assets.xcassets; sourceTree = "<group>"; };
		25A8017F28C0F69100ED00E9 /* Preview Assets.xcassets */ = {isa = PBXFileReference; lastKnownFileType = folder.assetcatalog; path = "Preview Assets.xcassets"; sourceTree = "<group>"; };
/* End PBXFileReference section */

/* Begin PBXFrameworksBuildPhase section */
		25A8017228C0F69000ED00E9 /* Frameworks */ = {
			isa = PBXFrameworksBuildPhase;
			buildActionMask = 2147483647;
			files = (
				254C051128D0E0DA00FE62EB /* Swinject in Frameworks */,
			);
			runOnlyForDeploymentPostprocessing = 0;
		};
/* End PBXFrameworksBuildPhase section */

/* Begin PBXGroup section */
		254596CB28C230BF00FF4A06 /* Router */ = {
			isa = PBXGroup;
			children = (
				254C051628D0E6CB00FE62EB /* UserAuthorization+Router.swift */,
				254C053528D4B71700FE62EB /* Main+Router.swift */,
				254C053328D4AFAD00FE62EB /* Home+Router.swift */,
			);
			path = Router;
			sourceTree = "<group>";
		};
		254596CC28C230C600FF4A06 /* View */ = {
			isa = PBXGroup;
			children = (
				254C052628D4A98C00FE62EB /* Authentication */,
				254C052028D4A8D900FE62EB /* Main */,
				254C052128D4A91F00FE62EB /* Home */,
				254C052228D4A92800FE62EB /* Library */,
				254C052328D4A93E00FE62EB /* Character */,
				254C052428D4A94700FE62EB /* History */,
				254C052528D4A96900FE62EB /* Profile */,
			);
			path = View;
			sourceTree = "<group>";
		};
		254596CD28C230CA00FF4A06 /* Interactor */ = {
			isa = PBXGroup;
			children = (
				254596D628C232CA00FF4A06 /* UserInteractor.swift */,
				2569422628DA0CEF008FEC81 /* HomeInteractor.swift */,
			);
			path = Interactor;
			sourceTree = "<group>";
		};
		254596CE28C230D100FF4A06 /* Entity */ = {
			isa = PBXGroup;
			children = (
			);
			path = Entity;
			sourceTree = "<group>";
		};
		254596CF28C230D700FF4A06 /* Presenter */ = {
			isa = PBXGroup;
			children = (
				2569422A28DA12FE008FEC81 /* Presenter.swift */,
				254596D428C232C000FF4A06 /* HomePresenter.swift */,
			);
			path = Presenter;
			sourceTree = "<group>";
		};
		254596FF28C3876000FF4A06 /* Frameworks */ = {
			isa = PBXGroup;
			children = (
				2545970028C3876A00FF4A06 /* DIContainer.framework */,
			);
			name = Frameworks;
			sourceTree = "<group>";
		};
		254C052028D4A8D900FE62EB /* Main */ = {
			isa = PBXGroup;
			children = (
				254C051E28D4A7AD00FE62EB /* MainTab.swift */,
			);
			path = Main;
			sourceTree = "<group>";
		};
		254C052128D4A91F00FE62EB /* Home */ = {
			isa = PBXGroup;
			children = (
				254C052728D4A9E000FE62EB /* Home+View.swift */,
			);
			path = Home;
			sourceTree = "<group>";
		};
		254C052228D4A92800FE62EB /* Library */ = {
			isa = PBXGroup;
			children = (
				254C052928D4A9EE00FE62EB /* Library+View.swift */,
			);
			path = Library;
			sourceTree = "<group>";
		};
		254C052328D4A93E00FE62EB /* Character */ = {
			isa = PBXGroup;
			children = (
				254C052B28D4AA0B00FE62EB /* Character+View.swift */,
			);
			path = Character;
			sourceTree = "<group>";
		};
		254C052428D4A94700FE62EB /* History */ = {
			isa = PBXGroup;
			children = (
				254C052D28D4AA1500FE62EB /* History+View.swift */,
			);
			path = History;
			sourceTree = "<group>";
		};
		254C052528D4A96900FE62EB /* Profile */ = {
			isa = PBXGroup;
			children = (
				254C052F28D4AA1C00FE62EB /* Profile+View.swift */,
			);
			path = Profile;
			sourceTree = "<group>";
		};
		254C052628D4A98C00FE62EB /* Authentication */ = {
			isa = PBXGroup;
			children = (
				254596D928C380EC00FF4A06 /* LoginView.swift */,
			);
			path = Authentication;
			sourceTree = "<group>";
		};
		254C053728D4CA0800FE62EB /* System */ = {
			isa = PBXGroup;
			children = (
				2569422E28DA18B4008FEC81 /* Booting */,
			);
			path = System;
			sourceTree = "<group>";
		};
		2569422328DA0ABE008FEC81 /* Util */ = {
			isa = PBXGroup;
			children = (
				2569422428DA0AC9008FEC81 /* Color+Hex.swift */,
				2569422828DA0E4F008FEC81 /* Color+Random.swift */,
			);
			path = Util;
			sourceTree = "<group>";
		};
		2569422E28DA18B4008FEC81 /* Booting */ = {
			isa = PBXGroup;
			children = (
				254596D028C231C200FF4A06 /* AppDelegate.swift */,
				254596D228C2323E00FF4A06 /* SceneDelegate.swift */,
				254C050D28D0DE9400FE62EB /* AppBootLoader.swift */,
				2569422C28DA18A9008FEC81 /* AppLoader.swift */,
			);
			path = Booting;
			sourceTree = "<group>";
		};
		2569423128DA2087008FEC81 /* Module */ = {
			isa = PBXGroup;
			children = (
				2569422F28DA1E0D008FEC81 /* ModuleFactory.swift */,
				2569423228DA209C008FEC81 /* HomeModule.swift */,
			);
			path = Module;
			sourceTree = "<group>";
		};
		25A8016C28C0F69000ED00E9 = {
			isa = PBXGroup;
			children = (
				25A8017728C0F69000ED00E9 /* VIPER-Swift */,
				25A8017628C0F69000ED00E9 /* Products */,
				254596FF28C3876000FF4A06 /* Frameworks */,
			);
			sourceTree = "<group>";
		};
		25A8017628C0F69000ED00E9 /* Products */ = {
			isa = PBXGroup;
			children = (
				25A8017528C0F69000ED00E9 /* VIPER-Swift.app */,
			);
			name = Products;
			sourceTree = "<group>";
		};
		25A8017728C0F69000ED00E9 /* VIPER-Swift */ = {
			isa = PBXGroup;
			children = (
				254596D828C2353600FF4A06 /* Info.plist */,
				254C053728D4CA0800FE62EB /* System */,
				2569423128DA2087008FEC81 /* Module */,
				254596CE28C230D100FF4A06 /* Entity */,
				254596CD28C230CA00FF4A06 /* Interactor */,
				254596CF28C230D700FF4A06 /* Presenter */,
				254596CB28C230BF00FF4A06 /* Router */,
				254596CC28C230C600FF4A06 /* View */,
				2569422328DA0ABE008FEC81 /* Util */,
				25A8017A28C0F69000ED00E9 /* ContentView.swift */,
				25A8017C28C0F69100ED00E9 /* Assets.xcassets */,
				25A8017E28C0F69100ED00E9 /* Preview Content */,
			);
			path = "VIPER-Swift";
			sourceTree = "<group>";
		};
		25A8017E28C0F69100ED00E9 /* Preview Content */ = {
			isa = PBXGroup;
			children = (
				25A8017F28C0F69100ED00E9 /* Preview Assets.xcassets */,
			);
			path = "Preview Content";
			sourceTree = "<group>";
		};
/* End PBXGroup section */

/* Begin PBXNativeTarget section */
		25A8017428C0F69000ED00E9 /* VIPER-Swift */ = {
			isa = PBXNativeTarget;
			buildConfigurationList = 25A8018328C0F69100ED00E9 /* Build configuration list for PBXNativeTarget "VIPER-Swift" */;
			buildPhases = (
				25A8017128C0F69000ED00E9 /* Sources */,
				25A8017228C0F69000ED00E9 /* Frameworks */,
				25A8017328C0F69000ED00E9 /* Resources */,
			);
			buildRules = (
			);
			dependencies = (
			);
			name = "VIPER-Swift";
			packageProductDependencies = (
				254C051028D0E0DA00FE62EB /* Swinject */,
			);
			productName = "VIPER-Swift";
			productReference = 25A8017528C0F69000ED00E9 /* VIPER-Swift.app */;
			productType = "com.apple.product-type.application";
		};
/* End PBXNativeTarget section */

/* Begin PBXProject section */
		25A8016D28C0F69000ED00E9 /* Project object */ = {
			isa = PBXProject;
			attributes = {
				BuildIndependentTargetsInParallel = 1;
				LastSwiftUpdateCheck = 1340;
				LastUpgradeCheck = 1340;
				TargetAttributes = {
					25A8017428C0F69000ED00E9 = {
						CreatedOnToolsVersion = 13.4.1;
					};
				};
			};
			buildConfigurationList = 25A8017028C0F69000ED00E9 /* Build configuration list for PBXProject "VIPER-Swift" */;
			compatibilityVersion = "Xcode 13.0";
			developmentRegion = en;
			hasScannedForEncodings = 0;
			knownRegions = (
				en,
				Base,
			);
			mainGroup = 25A8016C28C0F69000ED00E9;
			packageReferences = (
				254C050F28D0E0DA00FE62EB /* XCRemoteSwiftPackageReference "Swinject" */,
			);
			productRefGroup = 25A8017628C0F69000ED00E9 /* Products */;
			projectDirPath = "";
			projectRoot = "";
			targets = (
				25A8017428C0F69000ED00E9 /* VIPER-Swift */,
			);
		};
/* End PBXProject section */

/* Begin PBXResourcesBuildPhase section */
		25A8017328C0F69000ED00E9 /* Resources */ = {
			isa = PBXResourcesBuildPhase;
			buildActionMask = 2147483647;
			files = (
				25A8018028C0F69100ED00E9 /* Preview Assets.xcassets in Resources */,
				25A8017D28C0F69100ED00E9 /* Assets.xcassets in Resources */,
			);
			runOnlyForDeploymentPostprocessing = 0;
		};
/* End PBXResourcesBuildPhase section */

/* Begin PBXSourcesBuildPhase section */
		25A8017128C0F69000ED00E9 /* Sources */ = {
			isa = PBXSourcesBuildPhase;
			buildActionMask = 2147483647;
			files = (
				254596D728C232CA00FF4A06 /* UserInteractor.swift in Sources */,
				2569422728DA0CEF008FEC81 /* HomeInteractor.swift in Sources */,
				254C052E28D4AA1500FE62EB /* History+View.swift in Sources */,
				254596D128C231C200FF4A06 /* AppDelegate.swift in Sources */,
				254C052C28D4AA0B00FE62EB /* Character+View.swift in Sources */,
				254C053428D4AFAD00FE62EB /* Home+Router.swift in Sources */,
				254C052828D4A9E000FE62EB /* Home+View.swift in Sources */,
				25A8017B28C0F69000ED00E9 /* ContentView.swift in Sources */,
				2569422928DA0E4F008FEC81 /* Color+Random.swift in Sources */,
				254C050E28D0DE9400FE62EB /* AppBootLoader.swift in Sources */,
				254C051F28D4A7AD00FE62EB /* MainTab.swift in Sources */,
				254596DA28C380EC00FF4A06 /* LoginView.swift in Sources */,
				254C051728D0E6CB00FE62EB /* UserAuthorization+Router.swift in Sources */,
				254C053028D4AA1C00FE62EB /* Profile+View.swift in Sources */,
				2569422B28DA12FE008FEC81 /* Presenter.swift in Sources */,
				2569423328DA209C008FEC81 /* HomeModule.swift in Sources */,
				254596D328C2323E00FF4A06 /* SceneDelegate.swift in Sources */,
				2569423028DA1E0D008FEC81 /* ModuleFactory.swift in Sources */,
				254C053628D4B71700FE62EB /* Main+Router.swift in Sources */,
				2569422D28DA18A9008FEC81 /* AppLoader.swift in Sources */,
				254C052A28D4A9EE00FE62EB /* Library+View.swift in Sources */,
				254596D528C232C000FF4A06 /* HomePresenter.swift in Sources */,
				2569422528DA0AC9008FEC81 /* Color+Hex.swift in Sources */,
			);
			runOnlyForDeploymentPostprocessing = 0;
		};
/* End PBXSourcesBuildPhase section */

/* Begin XCBuildConfiguration section */
		25A8018128C0F69100ED00E9 /* Debug */ = {
			isa = XCBuildConfiguration;
			buildSettings = {
				ALWAYS_SEARCH_USER_PATHS = NO;
				CLANG_ANALYZER_NONNULL = YES;
				CLANG_ANALYZER_NUMBER_OBJECT_CONVERSION = YES_AGGRESSIVE;
				CLANG_CXX_LANGUAGE_STANDARD = "gnu++17";
				CLANG_ENABLE_MODULES = YES;
				CLANG_ENABLE_OBJC_ARC = YES;
				CLANG_ENABLE_OBJC_WEAK = YES;
				CLANG_WARN_BLOCK_CAPTURE_AUTORELEASING = YES;
				CLANG_WARN_BOOL_CONVERSION = YES;
				CLANG_WARN_COMMA = YES;
				CLANG_WARN_CONSTANT_CONVERSION = YES;
				CLANG_WARN_DEPRECATED_OBJC_IMPLEMENTATIONS = YES;
				CLANG_WARN_DIRECT_OBJC_ISA_USAGE = YES_ERROR;
				CLANG_WARN_DOCUMENTATION_COMMENTS = YES;
				CLANG_WARN_EMPTY_BODY = YES;
				CLANG_WARN_ENUM_CONVERSION = YES;
				CLANG_WARN_INFINITE_RECURSION = YES;
				CLANG_WARN_INT_CONVERSION = YES;
				CLANG_WARN_NON_LITERAL_NULL_CONVERSION = YES;
				CLANG_WARN_OBJC_IMPLICIT_RETAIN_SELF = YES;
				CLANG_WARN_OBJC_LITERAL_CONVERSION = YES;
				CLANG_WARN_OBJC_ROOT_CLASS = YES_ERROR;
				CLANG_WARN_QUOTED_INCLUDE_IN_FRAMEWORK_HEADER = YES;
				CLANG_WARN_RANGE_LOOP_ANALYSIS = YES;
				CLANG_WARN_STRICT_PROTOTYPES = YES;
				CLANG_WARN_SUSPICIOUS_MOVE = YES;
				CLANG_WARN_UNGUARDED_AVAILABILITY = YES_AGGRESSIVE;
				CLANG_WARN_UNREACHABLE_CODE = YES;
				CLANG_WARN__DUPLICATE_METHOD_MATCH = YES;
				COPY_PHASE_STRIP = NO;
				DEBUG_INFORMATION_FORMAT = dwarf;
				ENABLE_STRICT_OBJC_MSGSEND = YES;
				ENABLE_TESTABILITY = YES;
				GCC_C_LANGUAGE_STANDARD = gnu11;
				GCC_DYNAMIC_NO_PIC = NO;
				GCC_NO_COMMON_BLOCKS = YES;
				GCC_OPTIMIZATION_LEVEL = 0;
				GCC_PREPROCESSOR_DEFINITIONS = (
					"DEBUG=1",
					"$(inherited)",
				);
				GCC_WARN_64_TO_32_BIT_CONVERSION = YES;
				GCC_WARN_ABOUT_RETURN_TYPE = YES_ERROR;
				GCC_WARN_UNDECLARED_SELECTOR = YES;
				GCC_WARN_UNINITIALIZED_AUTOS = YES_AGGRESSIVE;
				GCC_WARN_UNUSED_FUNCTION = YES;
				GCC_WARN_UNUSED_VARIABLE = YES;
				IPHONEOS_DEPLOYMENT_TARGET = 15.5;
				MTL_ENABLE_DEBUG_INFO = INCLUDE_SOURCE;
				MTL_FAST_MATH = YES;
				ONLY_ACTIVE_ARCH = YES;
				SDKROOT = iphoneos;
				SWIFT_ACTIVE_COMPILATION_CONDITIONS = DEBUG;
				SWIFT_OPTIMIZATION_LEVEL = "-Onone";
			};
			name = Debug;
		};
		25A8018228C0F69100ED00E9 /* Release */ = {
			isa = XCBuildConfiguration;
			buildSettings = {
				ALWAYS_SEARCH_USER_PATHS = NO;
				CLANG_ANALYZER_NONNULL = YES;
				CLANG_ANALYZER_NUMBER_OBJECT_CONVERSION = YES_AGGRESSIVE;
				CLANG_CXX_LANGUAGE_STANDARD = "gnu++17";
				CLANG_ENABLE_MODULES = YES;
				CLANG_ENABLE_OBJC_ARC = YES;
				CLANG_ENABLE_OBJC_WEAK = YES;
				CLANG_WARN_BLOCK_CAPTURE_AUTORELEASING = YES;
				CLANG_WARN_BOOL_CONVERSION = YES;
				CLANG_WARN_COMMA = YES;
				CLANG_WARN_CONSTANT_CONVERSION = YES;
				CLANG_WARN_DEPRECATED_OBJC_IMPLEMENTATIONS = YES;
				CLANG_WARN_DIRECT_OBJC_ISA_USAGE = YES_ERROR;
				CLANG_WARN_DOCUMENTATION_COMMENTS = YES;
				CLANG_WARN_EMPTY_BODY = YES;
				CLANG_WARN_ENUM_CONVERSION = YES;
				CLANG_WARN_INFINITE_RECURSION = YES;
				CLANG_WARN_INT_CONVERSION = YES;
				CLANG_WARN_NON_LITERAL_NULL_CONVERSION = YES;
				CLANG_WARN_OBJC_IMPLICIT_RETAIN_SELF = YES;
				CLANG_WARN_OBJC_LITERAL_CONVERSION = YES;
				CLANG_WARN_OBJC_ROOT_CLASS = YES_ERROR;
				CLANG_WARN_QUOTED_INCLUDE_IN_FRAMEWORK_HEADER = YES;
				CLANG_WARN_RANGE_LOOP_ANALYSIS = YES;
				CLANG_WARN_STRICT_PROTOTYPES = YES;
				CLANG_WARN_SUSPICIOUS_MOVE = YES;
				CLANG_WARN_UNGUARDED_AVAILABILITY = YES_AGGRESSIVE;
				CLANG_WARN_UNREACHABLE_CODE = YES;
				CLANG_WARN__DUPLICATE_METHOD_MATCH = YES;
				COPY_PHASE_STRIP = NO;
				DEBUG_INFORMATION_FORMAT = "dwarf-with-dsym";
				ENABLE_NS_ASSERTIONS = NO;
				ENABLE_STRICT_OBJC_MSGSEND = YES;
				GCC_C_LANGUAGE_STANDARD = gnu11;
				GCC_NO_COMMON_BLOCKS = YES;
				GCC_WARN_64_TO_32_BIT_CONVERSION = YES;
				GCC_WARN_ABOUT_RETURN_TYPE = YES_ERROR;
				GCC_WARN_UNDECLARED_SELECTOR = YES;
				GCC_WARN_UNINITIALIZED_AUTOS = YES_AGGRESSIVE;
				GCC_WARN_UNUSED_FUNCTION = YES;
				GCC_WARN_UNUSED_VARIABLE = YES;
				IPHONEOS_DEPLOYMENT_TARGET = 15.5;
				MTL_ENABLE_DEBUG_INFO = NO;
				MTL_FAST_MATH = YES;
				SDKROOT = iphoneos;
				SWIFT_COMPILATION_MODE = wholemodule;
				SWIFT_OPTIMIZATION_LEVEL = "-O";
				VALIDATE_PRODUCT = YES;
			};
			name = Release;
		};
		25A8018428C0F69100ED00E9 /* Debug */ = {
			isa = XCBuildConfiguration;
			buildSettings = {
				ASSETCATALOG_COMPILER_APPICON_NAME = AppIcon;
				ASSETCATALOG_COMPILER_GLOBAL_ACCENT_COLOR_NAME = AccentColor;
				CODE_SIGN_STYLE = Automatic;
				CURRENT_PROJECT_VERSION = 1;
				DEVELOPMENT_ASSET_PATHS = "\"VIPER-Swift/Preview Content\"";
				DEVELOPMENT_TEAM = S8NMR642D4;
				ENABLE_PREVIEWS = YES;
				GENERATE_INFOPLIST_FILE = YES;
				INFOPLIST_FILE = "VIPER-Swift/Info.plist";
				INFOPLIST_KEY_UIApplicationSupportsIndirectInputEvents = YES;
				INFOPLIST_KEY_UILaunchScreen_Generation = YES;
				INFOPLIST_KEY_UISupportedInterfaceOrientations_iPad = "UIInterfaceOrientationPortrait UIInterfaceOrientationPortraitUpsideDown UIInterfaceOrientationLandscapeLeft UIInterfaceOrientationLandscapeRight";
				INFOPLIST_KEY_UISupportedInterfaceOrientations_iPhone = "UIInterfaceOrientationPortrait UIInterfaceOrientationLandscapeLeft UIInterfaceOrientationLandscapeRight";
				LD_RUNPATH_SEARCH_PATHS = (
					"$(inherited)",
					"@executable_path/Frameworks",
				);
				MARKETING_VERSION = 1.0;
				PRODUCT_BUNDLE_IDENTIFIER = "kang.VIPER-Swift";
				PRODUCT_NAME = "$(TARGET_NAME)";
				SWIFT_EMIT_LOC_STRINGS = YES;
				SWIFT_VERSION = 5.0;
				TARGETED_DEVICE_FAMILY = "1,2";
			};
			name = Debug;
		};
		25A8018528C0F69100ED00E9 /* Release */ = {
			isa = XCBuildConfiguration;
			buildSettings = {
				ASSETCATALOG_COMPILER_APPICON_NAME = AppIcon;
				ASSETCATALOG_COMPILER_GLOBAL_ACCENT_COLOR_NAME = AccentColor;
				CODE_SIGN_STYLE = Automatic;
				CURRENT_PROJECT_VERSION = 1;
				DEVELOPMENT_ASSET_PATHS = "\"VIPER-Swift/Preview Content\"";
				DEVELOPMENT_TEAM = S8NMR642D4;
				ENABLE_PREVIEWS = YES;
				GENERATE_INFOPLIST_FILE = YES;
				INFOPLIST_FILE = "VIPER-Swift/Info.plist";
				INFOPLIST_KEY_UIApplicationSupportsIndirectInputEvents = YES;
				INFOPLIST_KEY_UILaunchScreen_Generation = YES;
				INFOPLIST_KEY_UISupportedInterfaceOrientations_iPad = "UIInterfaceOrientationPortrait UIInterfaceOrientationPortraitUpsideDown UIInterfaceOrientationLandscapeLeft UIInterfaceOrientationLandscapeRight";
				INFOPLIST_KEY_UISupportedInterfaceOrientations_iPhone = "UIInterfaceOrientationPortrait UIInterfaceOrientationLandscapeLeft UIInterfaceOrientationLandscapeRight";
				LD_RUNPATH_SEARCH_PATHS = (
					"$(inherited)",
					"@executable_path/Frameworks",
				);
				MARKETING_VERSION = 1.0;
				PRODUCT_BUNDLE_IDENTIFIER = "kang.VIPER-Swift";
				PRODUCT_NAME = "$(TARGET_NAME)";
				SWIFT_EMIT_LOC_STRINGS = YES;
				SWIFT_VERSION = 5.0;
				TARGETED_DEVICE_FAMILY = "1,2";
			};
			name = Release;
		};
/* End XCBuildConfiguration section */

/* Begin XCConfigurationList section */
		25A8017028C0F69000ED00E9 /* Build configuration list for PBXProject "VIPER-Swift" */ = {
			isa = XCConfigurationList;
			buildConfigurations = (
				25A8018128C0F69100ED00E9 /* Debug */,
				25A8018228C0F69100ED00E9 /* Release */,
			);
			defaultConfigurationIsVisible = 0;
			defaultConfigurationName = Release;
		};
		25A8018328C0F69100ED00E9 /* Build configuration list for PBXNativeTarget "VIPER-Swift" */ = {
			isa = XCConfigurationList;
			buildConfigurations = (
				25A8018428C0F69100ED00E9 /* Debug */,
				25A8018528C0F69100ED00E9 /* Release */,
			);
			defaultConfigurationIsVisible = 0;
			defaultConfigurationName = Release;
		};
/* End XCConfigurationList section */

/* Begin XCRemoteSwiftPackageReference section */
		254C050F28D0E0DA00FE62EB /* XCRemoteSwiftPackageReference "Swinject" */ = {
			isa = XCRemoteSwiftPackageReference;
			repositoryURL = "https://github.com/Swinject/Swinject.git";
			requirement = {
				kind = upToNextMajorVersion;
				minimumVersion = 2.0.0;
			};
		};
/* End XCRemoteSwiftPackageReference section */

/* Begin XCSwiftPackageProductDependency section */
		254C051028D0E0DA00FE62EB /* Swinject */ = {
			isa = XCSwiftPackageProductDependency;
			package = 254C050F28D0E0DA00FE62EB /* XCRemoteSwiftPackageReference "Swinject" */;
			productName = Swinject;
		};
/* End XCSwiftPackageProductDependency section */
	};
	rootObject = 25A8016D28C0F69000ED00E9 /* Project object */;
}
