// !$*UTF8*$!
{
	archiveVersion = 1;
	classes = {
	};
	objectVersion = 55;
	objects = {

/* Begin PBXBuildFile section */
		2526D9F1293CD7BA00482985 /* AddBookView.swift in Sources */ = {isa = PBXBuildFile; fileRef = 2526D9F0293CD7BA00482985 /* AddBookView.swift */; };
		254596D128C231C200FF4A06 /* AppDelegate.swift in Sources */ = {isa = PBXBuildFile; fileRef = 254596D028C231C200FF4A06 /* AppDelegate.swift */; };
		254596D328C2323E00FF4A06 /* SceneDelegate.swift in Sources */ = {isa = PBXBuildFile; fileRef = 254596D228C2323E00FF4A06 /* SceneDelegate.swift */; };
		254C051128D0E0DA00FE62EB /* Swinject in Frameworks */ = {isa = PBXBuildFile; productRef = 254C051028D0E0DA00FE62EB /* Swinject */; };
		254C051F28D4A7AD00FE62EB /* MainTab.swift in Sources */ = {isa = PBXBuildFile; fileRef = 254C051E28D4A7AD00FE62EB /* MainTab.swift */; };
		254C052828D4A9E000FE62EB /* Home+View.swift in Sources */ = {isa = PBXBuildFile; fileRef = 254C052728D4A9E000FE62EB /* Home+View.swift */; };
		254C052A28D4A9EE00FE62EB /* Library+View.swift in Sources */ = {isa = PBXBuildFile; fileRef = 254C052928D4A9EE00FE62EB /* Library+View.swift */; };
		254C052C28D4AA0B00FE62EB /* Character+View.swift in Sources */ = {isa = PBXBuildFile; fileRef = 254C052B28D4AA0B00FE62EB /* Character+View.swift */; };
		254C052E28D4AA1500FE62EB /* History+View.swift in Sources */ = {isa = PBXBuildFile; fileRef = 254C052D28D4AA1500FE62EB /* History+View.swift */; };
		254C053028D4AA1C00FE62EB /* Profile+View.swift in Sources */ = {isa = PBXBuildFile; fileRef = 254C052F28D4AA1C00FE62EB /* Profile+View.swift */; };
		2568EE13293F97A80081D162 /* KeychainWrapper.swift in Sources */ = {isa = PBXBuildFile; fileRef = 2568EE12293F97A80081D162 /* KeychainWrapper.swift */; };
		2568EE16293F9B8B0081D162 /* SwiftKeychainWrapper in Frameworks */ = {isa = PBXBuildFile; productRef = 2568EE15293F9B8B0081D162 /* SwiftKeychainWrapper */; };
		2569422528DA0AC9008FEC81 /* Color+Hex.swift in Sources */ = {isa = PBXBuildFile; fileRef = 2569422428DA0AC9008FEC81 /* Color+Hex.swift */; };
		2569422D28DA18A9008FEC81 /* AppLoader.swift in Sources */ = {isa = PBXBuildFile; fileRef = 2569422C28DA18A9008FEC81 /* AppLoader.swift */; };
		257D546D293B6CB80001BC58 /* Coordinator.swift in Sources */ = {isa = PBXBuildFile; fileRef = 257D546C293B6CB80001BC58 /* Coordinator.swift */; };
		257D546F293B820A0001BC58 /* AppCoordinator.swift in Sources */ = {isa = PBXBuildFile; fileRef = 257D546E293B820A0001BC58 /* AppCoordinator.swift */; };
		257D5471293B83550001BC58 /* OnBoardingCoordinator.swift in Sources */ = {isa = PBXBuildFile; fileRef = 257D5470293B83550001BC58 /* OnBoardingCoordinator.swift */; };
		257D5473293BA0910001BC58 /* OnBoarding.swift in Sources */ = {isa = PBXBuildFile; fileRef = 257D5472293BA0910001BC58 /* OnBoarding.swift */; };
		257D5475293BA2FC0001BC58 /* OnBoarding+Presenter.swift in Sources */ = {isa = PBXBuildFile; fileRef = 257D5474293BA2FC0001BC58 /* OnBoarding+Presenter.swift */; };
		257D5477293BB7E40001BC58 /* MainTabCoordinator.swift in Sources */ = {isa = PBXBuildFile; fileRef = 257D5476293BB7E40001BC58 /* MainTabCoordinator.swift */; };
		25981F8F28FD8AD100A50FCF /* BookDetail.swift in Sources */ = {isa = PBXBuildFile; fileRef = 25981F8E28FD8AD100A50FCF /* BookDetail.swift */; };
		25981F9128FEEEDC00A50FCF /* View+isHidden.swift in Sources */ = {isa = PBXBuildFile; fileRef = 25981F9028FEEEDC00A50FCF /* View+isHidden.swift */; };
		25A8017B28C0F69000ED00E9 /* ContentView.swift in Sources */ = {isa = PBXBuildFile; fileRef = 25A8017A28C0F69000ED00E9 /* ContentView.swift */; };
		25A8017D28C0F69100ED00E9 /* Assets.xcassets in Resources */ = {isa = PBXBuildFile; fileRef = 25A8017C28C0F69100ED00E9 /* Assets.xcassets */; };
		25A8018028C0F69100ED00E9 /* Preview Assets.xcassets in Resources */ = {isa = PBXBuildFile; fileRef = 25A8017F28C0F69100ED00E9 /* Preview Assets.xcassets */; };
		25E9496A2913F8910087D8F0 /* DataHandler.swift in Sources */ = {isa = PBXBuildFile; fileRef = 25E949692913F8910087D8F0 /* DataHandler.swift */; };
		25E94973292A755E0087D8F0 /* BookJeok.xcdatamodeld in Sources */ = {isa = PBXBuildFile; fileRef = 25E94971292A755E0087D8F0 /* BookJeok.xcdatamodeld */; };
		25E94987292A7D1B0087D8F0 /* Book+CoreDataClass.swift in Sources */ = {isa = PBXBuildFile; fileRef = 25E94981292A7D1B0087D8F0 /* Book+CoreDataClass.swift */; };
		25E94988292A7D1B0087D8F0 /* Read+CoreDataProperties.swift in Sources */ = {isa = PBXBuildFile; fileRef = 25E94982292A7D1B0087D8F0 /* Read+CoreDataProperties.swift */; };
		25E94989292A7D1B0087D8F0 /* Read+CoreDataClass.swift in Sources */ = {isa = PBXBuildFile; fileRef = 25E94983292A7D1B0087D8F0 /* Read+CoreDataClass.swift */; };
		25E9498A292A7D1B0087D8F0 /* User+CoreDataProperties.swift in Sources */ = {isa = PBXBuildFile; fileRef = 25E94984292A7D1B0087D8F0 /* User+CoreDataProperties.swift */; };
		25E9498B292A7D1B0087D8F0 /* Book+CoreDataProperties.swift in Sources */ = {isa = PBXBuildFile; fileRef = 25E94985292A7D1B0087D8F0 /* Book+CoreDataProperties.swift */; };
		25E9498C292A7D1B0087D8F0 /* User+CoreDataClass.swift in Sources */ = {isa = PBXBuildFile; fileRef = 25E94986292A7D1B0087D8F0 /* User+CoreDataClass.swift */; };
		25E94990292A7E870087D8F0 /* Repository.swift in Sources */ = {isa = PBXBuildFile; fileRef = 25E9498F292A7E870087D8F0 /* Repository.swift */; };
		25E94993292A81C70087D8F0 /* Home+Presenter.swift in Sources */ = {isa = PBXBuildFile; fileRef = 25E94992292A81C70087D8F0 /* Home+Presenter.swift */; };
		25E94995292A884C0087D8F0 /* Container.swift in Sources */ = {isa = PBXBuildFile; fileRef = 25E94994292A884C0087D8F0 /* Container.swift */; };
		25E94998292A88AD0087D8F0 /* HomeCoordinator.swift in Sources */ = {isa = PBXBuildFile; fileRef = 25E94997292A88AD0087D8F0 /* HomeCoordinator.swift */; };
/* End PBXBuildFile section */

/* Begin PBXFileReference section */
		2526D9F0293CD7BA00482985 /* AddBookView.swift */ = {isa = PBXFileReference; lastKnownFileType = sourcecode.swift; path = AddBookView.swift; sourceTree = "<group>"; };
		254596D028C231C200FF4A06 /* AppDelegate.swift */ = {isa = PBXFileReference; lastKnownFileType = sourcecode.swift; path = AppDelegate.swift; sourceTree = "<group>"; };
		254596D228C2323E00FF4A06 /* SceneDelegate.swift */ = {isa = PBXFileReference; lastKnownFileType = sourcecode.swift; path = SceneDelegate.swift; sourceTree = "<group>"; };
		254596D828C2353600FF4A06 /* Info.plist */ = {isa = PBXFileReference; lastKnownFileType = text.plist; path = Info.plist; sourceTree = "<group>"; };
		254C051E28D4A7AD00FE62EB /* MainTab.swift */ = {isa = PBXFileReference; lastKnownFileType = sourcecode.swift; path = MainTab.swift; sourceTree = "<group>"; };
		254C052728D4A9E000FE62EB /* Home+View.swift */ = {isa = PBXFileReference; lastKnownFileType = sourcecode.swift; path = "Home+View.swift"; sourceTree = "<group>"; };
		254C052928D4A9EE00FE62EB /* Library+View.swift */ = {isa = PBXFileReference; lastKnownFileType = sourcecode.swift; path = "Library+View.swift"; sourceTree = "<group>"; };
		254C052B28D4AA0B00FE62EB /* Character+View.swift */ = {isa = PBXFileReference; lastKnownFileType = sourcecode.swift; path = "Character+View.swift"; sourceTree = "<group>"; };
		254C052D28D4AA1500FE62EB /* History+View.swift */ = {isa = PBXFileReference; lastKnownFileType = sourcecode.swift; path = "History+View.swift"; sourceTree = "<group>"; };
		254C052F28D4AA1C00FE62EB /* Profile+View.swift */ = {isa = PBXFileReference; lastKnownFileType = sourcecode.swift; path = "Profile+View.swift"; sourceTree = "<group>"; };
		2568EE12293F97A80081D162 /* KeychainWrapper.swift */ = {isa = PBXFileReference; lastKnownFileType = sourcecode.swift; path = KeychainWrapper.swift; sourceTree = "<group>"; };
		2569422428DA0AC9008FEC81 /* Color+Hex.swift */ = {isa = PBXFileReference; lastKnownFileType = sourcecode.swift; path = "Color+Hex.swift"; sourceTree = "<group>"; };
		2569422C28DA18A9008FEC81 /* AppLoader.swift */ = {isa = PBXFileReference; lastKnownFileType = sourcecode.swift; path = AppLoader.swift; sourceTree = "<group>"; };
		257D546C293B6CB80001BC58 /* Coordinator.swift */ = {isa = PBXFileReference; lastKnownFileType = sourcecode.swift; path = Coordinator.swift; sourceTree = "<group>"; };
		257D546E293B820A0001BC58 /* AppCoordinator.swift */ = {isa = PBXFileReference; lastKnownFileType = sourcecode.swift; path = AppCoordinator.swift; sourceTree = "<group>"; };
		257D5470293B83550001BC58 /* OnBoardingCoordinator.swift */ = {isa = PBXFileReference; lastKnownFileType = sourcecode.swift; path = OnBoardingCoordinator.swift; sourceTree = "<group>"; };
		257D5472293BA0910001BC58 /* OnBoarding.swift */ = {isa = PBXFileReference; lastKnownFileType = sourcecode.swift; path = OnBoarding.swift; sourceTree = "<group>"; };
		257D5474293BA2FC0001BC58 /* OnBoarding+Presenter.swift */ = {isa = PBXFileReference; lastKnownFileType = sourcecode.swift; path = "OnBoarding+Presenter.swift"; sourceTree = "<group>"; };
		257D5476293BB7E40001BC58 /* MainTabCoordinator.swift */ = {isa = PBXFileReference; lastKnownFileType = sourcecode.swift; path = MainTabCoordinator.swift; sourceTree = "<group>"; };
		25981F8E28FD8AD100A50FCF /* BookDetail.swift */ = {isa = PBXFileReference; lastKnownFileType = sourcecode.swift; path = BookDetail.swift; sourceTree = "<group>"; };
		25981F9028FEEEDC00A50FCF /* View+isHidden.swift */ = {isa = PBXFileReference; lastKnownFileType = sourcecode.swift; path = "View+isHidden.swift"; sourceTree = "<group>"; };
		25A8017528C0F69000ED00E9 /* VIPER-Swift.app */ = {isa = PBXFileReference; explicitFileType = wrapper.application; includeInIndex = 0; path = "VIPER-Swift.app"; sourceTree = BUILT_PRODUCTS_DIR; };
		25A8017A28C0F69000ED00E9 /* ContentView.swift */ = {isa = PBXFileReference; lastKnownFileType = sourcecode.swift; path = ContentView.swift; sourceTree = "<group>"; };
		25A8017C28C0F69100ED00E9 /* Assets.xcassets */ = {isa = PBXFileReference; lastKnownFileType = folder.assetcatalog; path = Assets.xcassets; sourceTree = "<group>"; };
		25A8017F28C0F69100ED00E9 /* Preview Assets.xcassets */ = {isa = PBXFileReference; lastKnownFileType = folder.assetcatalog; path = "Preview Assets.xcassets"; sourceTree = "<group>"; };
		25E949692913F8910087D8F0 /* DataHandler.swift */ = {isa = PBXFileReference; lastKnownFileType = sourcecode.swift; path = DataHandler.swift; sourceTree = "<group>"; };
		25E94972292A755E0087D8F0 /* BookJeok.xcdatamodel */ = {isa = PBXFileReference; lastKnownFileType = wrapper.xcdatamodel; path = BookJeok.xcdatamodel; sourceTree = "<group>"; };
		25E94981292A7D1B0087D8F0 /* Book+CoreDataClass.swift */ = {isa = PBXFileReference; fileEncoding = 4; lastKnownFileType = sourcecode.swift; path = "Book+CoreDataClass.swift"; sourceTree = "<group>"; };
		25E94982292A7D1B0087D8F0 /* Read+CoreDataProperties.swift */ = {isa = PBXFileReference; fileEncoding = 4; lastKnownFileType = sourcecode.swift; path = "Read+CoreDataProperties.swift"; sourceTree = "<group>"; };
		25E94983292A7D1B0087D8F0 /* Read+CoreDataClass.swift */ = {isa = PBXFileReference; fileEncoding = 4; lastKnownFileType = sourcecode.swift; path = "Read+CoreDataClass.swift"; sourceTree = "<group>"; };
		25E94984292A7D1B0087D8F0 /* User+CoreDataProperties.swift */ = {isa = PBXFileReference; fileEncoding = 4; lastKnownFileType = sourcecode.swift; path = "User+CoreDataProperties.swift"; sourceTree = "<group>"; };
		25E94985292A7D1B0087D8F0 /* Book+CoreDataProperties.swift */ = {isa = PBXFileReference; fileEncoding = 4; lastKnownFileType = sourcecode.swift; path = "Book+CoreDataProperties.swift"; sourceTree = "<group>"; };
		25E94986292A7D1B0087D8F0 /* User+CoreDataClass.swift */ = {isa = PBXFileReference; fileEncoding = 4; lastKnownFileType = sourcecode.swift; path = "User+CoreDataClass.swift"; sourceTree = "<group>"; };
		25E9498F292A7E870087D8F0 /* Repository.swift */ = {isa = PBXFileReference; lastKnownFileType = sourcecode.swift; path = Repository.swift; sourceTree = "<group>"; };
		25E94992292A81C70087D8F0 /* Home+Presenter.swift */ = {isa = PBXFileReference; lastKnownFileType = sourcecode.swift; path = "Home+Presenter.swift"; sourceTree = "<group>"; };
		25E94994292A884C0087D8F0 /* Container.swift */ = {isa = PBXFileReference; lastKnownFileType = sourcecode.swift; path = Container.swift; sourceTree = "<group>"; };
		25E94997292A88AD0087D8F0 /* HomeCoordinator.swift */ = {isa = PBXFileReference; lastKnownFileType = sourcecode.swift; path = HomeCoordinator.swift; sourceTree = "<group>"; };
/* End PBXFileReference section */

/* Begin PBXFrameworksBuildPhase section */
		25A8017228C0F69000ED00E9 /* Frameworks */ = {
			isa = PBXFrameworksBuildPhase;
			buildActionMask = 2147483647;
			files = (
				2568EE16293F9B8B0081D162 /* SwiftKeychainWrapper in Frameworks */,
				254C051128D0E0DA00FE62EB /* Swinject in Frameworks */,
			);
			runOnlyForDeploymentPostprocessing = 0;
		};
/* End PBXFrameworksBuildPhase section */

/* Begin PBXGroup section */
		254596CC28C230C600FF4A06 /* View */ = {
			isa = PBXGroup;
			children = (
				257D5472293BA0910001BC58 /* OnBoarding.swift */,
				254C051E28D4A7AD00FE62EB /* MainTab.swift */,
				254C052728D4A9E000FE62EB /* Home+View.swift */,
				2526D9F0293CD7BA00482985 /* AddBookView.swift */,
				25981F8E28FD8AD100A50FCF /* BookDetail.swift */,
				254C052928D4A9EE00FE62EB /* Library+View.swift */,
				254C052B28D4AA0B00FE62EB /* Character+View.swift */,
				254C052D28D4AA1500FE62EB /* History+View.swift */,
				254C052F28D4AA1C00FE62EB /* Profile+View.swift */,
			);
			path = View;
			sourceTree = "<group>";
		};
		254596FF28C3876000FF4A06 /* Frameworks */ = {
			isa = PBXGroup;
			children = (
			);
			name = Frameworks;
			sourceTree = "<group>";
		};
		254C053728D4CA0800FE62EB /* System */ = {
			isa = PBXGroup;
			children = (
				2569422E28DA18B4008FEC81 /* Booting */,
				2568EE12293F97A80081D162 /* KeychainWrapper.swift */,
			);
			path = System;
			sourceTree = "<group>";
		};
		2569422328DA0ABE008FEC81 /* Util */ = {
			isa = PBXGroup;
			children = (
				2569422428DA0AC9008FEC81 /* Color+Hex.swift */,
				25981F9028FEEEDC00A50FCF /* View+isHidden.swift */,
			);
			path = Util;
			sourceTree = "<group>";
		};
		2569422E28DA18B4008FEC81 /* Booting */ = {
			isa = PBXGroup;
			children = (
				254596D028C231C200FF4A06 /* AppDelegate.swift */,
				254596D228C2323E00FF4A06 /* SceneDelegate.swift */,
				2569422C28DA18A9008FEC81 /* AppLoader.swift */,
			);
			path = Booting;
			sourceTree = "<group>";
		};
		25A8016C28C0F69000ED00E9 = {
			isa = PBXGroup;
			children = (
				25A8017728C0F69000ED00E9 /* VIPER-Swift */,
				25A8017628C0F69000ED00E9 /* Products */,
				254596FF28C3876000FF4A06 /* Frameworks */,
			);
			sourceTree = "<group>";
		};
		25A8017628C0F69000ED00E9 /* Products */ = {
			isa = PBXGroup;
			children = (
				25A8017528C0F69000ED00E9 /* VIPER-Swift.app */,
			);
			name = Products;
			sourceTree = "<group>";
		};
		25A8017728C0F69000ED00E9 /* VIPER-Swift */ = {
			isa = PBXGroup;
			children = (
				254596D828C2353600FF4A06 /* Info.plist */,
				254C053728D4CA0800FE62EB /* System */,
				25E949682912A7380087D8F0 /* Module */,
				25E94974292A7CE90087D8F0 /* Entity */,
				25E9498E292A7D5B0087D8F0 /* Repository */,
				25E94996292A88A30087D8F0 /* Coordinator */,
				25E94991292A81AF0087D8F0 /* Presenter */,
				254596CC28C230C600FF4A06 /* View */,
				2569422328DA0ABE008FEC81 /* Util */,
				25A8017A28C0F69000ED00E9 /* ContentView.swift */,
				25A8017C28C0F69100ED00E9 /* Assets.xcassets */,
				25A8017E28C0F69100ED00E9 /* Preview Content */,
				25E94971292A755E0087D8F0 /* BookJeok.xcdatamodeld */,
			);
			path = "VIPER-Swift";
			sourceTree = "<group>";
		};
		25A8017E28C0F69100ED00E9 /* Preview Content */ = {
			isa = PBXGroup;
			children = (
				25A8017F28C0F69100ED00E9 /* Preview Assets.xcassets */,
			);
			path = "Preview Content";
			sourceTree = "<group>";
		};
		25E949682912A7380087D8F0 /* Module */ = {
			isa = PBXGroup;
			children = (
				25E949692913F8910087D8F0 /* DataHandler.swift */,
				25E94994292A884C0087D8F0 /* Container.swift */,
			);
			path = Module;
			sourceTree = "<group>";
		};
		25E94974292A7CE90087D8F0 /* Entity */ = {
			isa = PBXGroup;
			children = (
				25E94983292A7D1B0087D8F0 /* Read+CoreDataClass.swift */,
				25E94982292A7D1B0087D8F0 /* Read+CoreDataProperties.swift */,
				25E94981292A7D1B0087D8F0 /* Book+CoreDataClass.swift */,
				25E94985292A7D1B0087D8F0 /* Book+CoreDataProperties.swift */,
				25E94986292A7D1B0087D8F0 /* User+CoreDataClass.swift */,
				25E94984292A7D1B0087D8F0 /* User+CoreDataProperties.swift */,
			);
			path = Entity;
			sourceTree = "<group>";
		};
		25E9498E292A7D5B0087D8F0 /* Repository */ = {
			isa = PBXGroup;
			children = (
				25E9498F292A7E870087D8F0 /* Repository.swift */,
			);
			path = Repository;
			sourceTree = "<group>";
		};
		25E94991292A81AF0087D8F0 /* Presenter */ = {
			isa = PBXGroup;
			children = (
				257D5474293BA2FC0001BC58 /* OnBoarding+Presenter.swift */,
				25E94992292A81C70087D8F0 /* Home+Presenter.swift */,
			);
			path = Presenter;
			sourceTree = "<group>";
		};
		25E94996292A88A30087D8F0 /* Coordinator */ = {
			isa = PBXGroup;
			children = (
				257D546C293B6CB80001BC58 /* Coordinator.swift */,
				257D546E293B820A0001BC58 /* AppCoordinator.swift */,
				257D5470293B83550001BC58 /* OnBoardingCoordinator.swift */,
				257D5476293BB7E40001BC58 /* MainTabCoordinator.swift */,
				25E94997292A88AD0087D8F0 /* HomeCoordinator.swift */,
			);
			path = Coordinator;
			sourceTree = "<group>";
		};
/* End PBXGroup section */

/* Begin PBXNativeTarget section */
		25A8017428C0F69000ED00E9 /* VIPER-Swift */ = {
			isa = PBXNativeTarget;
			buildConfigurationList = 25A8018328C0F69100ED00E9 /* Build configuration list for PBXNativeTarget "VIPER-Swift" */;
			buildPhases = (
				25A8017128C0F69000ED00E9 /* Sources */,
				25A8017228C0F69000ED00E9 /* Frameworks */,
				25A8017328C0F69000ED00E9 /* Resources */,
			);
			buildRules = (
			);
			dependencies = (
			);
			name = "VIPER-Swift";
			packageProductDependencies = (
				254C051028D0E0DA00FE62EB /* Swinject */,
				2568EE15293F9B8B0081D162 /* SwiftKeychainWrapper */,
			);
			productName = "VIPER-Swift";
			productReference = 25A8017528C0F69000ED00E9 /* VIPER-Swift.app */;
			productType = "com.apple.product-type.application";
		};
/* End PBXNativeTarget section */

/* Begin PBXProject section */
		25A8016D28C0F69000ED00E9 /* Project object */ = {
			isa = PBXProject;
			attributes = {
				BuildIndependentTargetsInParallel = 1;
				LastSwiftUpdateCheck = 1340;
				LastUpgradeCheck = 1340;
				TargetAttributes = {
					25A8017428C0F69000ED00E9 = {
						CreatedOnToolsVersion = 13.4.1;
					};
				};
			};
			buildConfigurationList = 25A8017028C0F69000ED00E9 /* Build configuration list for PBXProject "VIPER-Swift" */;
			compatibilityVersion = "Xcode 13.0";
			developmentRegion = en;
			hasScannedForEncodings = 0;
			knownRegions = (
				en,
				Base,
			);
			mainGroup = 25A8016C28C0F69000ED00E9;
			packageReferences = (
				254C050F28D0E0DA00FE62EB /* XCRemoteSwiftPackageReference "Swinject" */,
				2568EE14293F9B8B0081D162 /* XCRemoteSwiftPackageReference "SwiftKeychainWrapper" */,
			);
			productRefGroup = 25A8017628C0F69000ED00E9 /* Products */;
			projectDirPath = "";
			projectRoot = "";
			targets = (
				25A8017428C0F69000ED00E9 /* VIPER-Swift */,
			);
		};
/* End PBXProject section */

/* Begin PBXResourcesBuildPhase section */
		25A8017328C0F69000ED00E9 /* Resources */ = {
			isa = PBXResourcesBuildPhase;
			buildActionMask = 2147483647;
			files = (
				25A8018028C0F69100ED00E9 /* Preview Assets.xcassets in Resources */,
				25A8017D28C0F69100ED00E9 /* Assets.xcassets in Resources */,
			);
			runOnlyForDeploymentPostprocessing = 0;
		};
/* End PBXResourcesBuildPhase section */

/* Begin PBXSourcesBuildPhase section */
		25A8017128C0F69000ED00E9 /* Sources */ = {
			isa = PBXSourcesBuildPhase;
			buildActionMask = 2147483647;
			files = (
				254C052E28D4AA1500FE62EB /* History+View.swift in Sources */,
				254596D128C231C200FF4A06 /* AppDelegate.swift in Sources */,
				257D546D293B6CB80001BC58 /* Coordinator.swift in Sources */,
				2568EE13293F97A80081D162 /* KeychainWrapper.swift in Sources */,
				25E94998292A88AD0087D8F0 /* HomeCoordinator.swift in Sources */,
				25E94987292A7D1B0087D8F0 /* Book+CoreDataClass.swift in Sources */,
				254C052C28D4AA0B00FE62EB /* Character+View.swift in Sources */,
				257D546F293B820A0001BC58 /* AppCoordinator.swift in Sources */,
				25E9496A2913F8910087D8F0 /* DataHandler.swift in Sources */,
				25E94990292A7E870087D8F0 /* Repository.swift in Sources */,
				257D5477293BB7E40001BC58 /* MainTabCoordinator.swift in Sources */,
				254C052828D4A9E000FE62EB /* Home+View.swift in Sources */,
				25A8017B28C0F69000ED00E9 /* ContentView.swift in Sources */,
				25981F8F28FD8AD100A50FCF /* BookDetail.swift in Sources */,
				254C051F28D4A7AD00FE62EB /* MainTab.swift in Sources */,
				254C053028D4AA1C00FE62EB /* Profile+View.swift in Sources */,
				25E9498A292A7D1B0087D8F0 /* User+CoreDataProperties.swift in Sources */,
				254596D328C2323E00FF4A06 /* SceneDelegate.swift in Sources */,
				25E94995292A884C0087D8F0 /* Container.swift in Sources */,
				257D5471293B83550001BC58 /* OnBoardingCoordinator.swift in Sources */,
				2569422D28DA18A9008FEC81 /* AppLoader.swift in Sources */,
				25E94988292A7D1B0087D8F0 /* Read+CoreDataProperties.swift in Sources */,
				25981F9128FEEEDC00A50FCF /* View+isHidden.swift in Sources */,
				254C052A28D4A9EE00FE62EB /* Library+View.swift in Sources */,
				257D5473293BA0910001BC58 /* OnBoarding.swift in Sources */,
				25E94989292A7D1B0087D8F0 /* Read+CoreDataClass.swift in Sources */,
				2569422528DA0AC9008FEC81 /* Color+Hex.swift in Sources */,
				257D5475293BA2FC0001BC58 /* OnBoarding+Presenter.swift in Sources */,
				2526D9F1293CD7BA00482985 /* AddBookView.swift in Sources */,
				25E9498B292A7D1B0087D8F0 /* Book+CoreDataProperties.swift in Sources */,
				25E94973292A755E0087D8F0 /* BookJeok.xcdatamodeld in Sources */,
				25E94993292A81C70087D8F0 /* Home+Presenter.swift in Sources */,
				25E9498C292A7D1B0087D8F0 /* User+CoreDataClass.swift in Sources */,
			);
			runOnlyForDeploymentPostprocessing = 0;
		};
/* End PBXSourcesBuildPhase section */

/* Begin XCBuildConfiguration section */
		25A8018128C0F69100ED00E9 /* Debug */ = {
			isa = XCBuildConfiguration;
			buildSettings = {
				ALWAYS_SEARCH_USER_PATHS = NO;
				CLANG_ANALYZER_NONNULL = YES;
				CLANG_ANALYZER_NUMBER_OBJECT_CONVERSION = YES_AGGRESSIVE;
				CLANG_CXX_LANGUAGE_STANDARD = "gnu++17";
				CLANG_ENABLE_MODULES = YES;
				CLANG_ENABLE_OBJC_ARC = YES;
				CLANG_ENABLE_OBJC_WEAK = YES;
				CLANG_WARN_BLOCK_CAPTURE_AUTORELEASING = YES;
				CLANG_WARN_BOOL_CONVERSION = YES;
				CLANG_WARN_COMMA = YES;
				CLANG_WARN_CONSTANT_CONVERSION = YES;
				CLANG_WARN_DEPRECATED_OBJC_IMPLEMENTATIONS = YES;
				CLANG_WARN_DIRECT_OBJC_ISA_USAGE = YES_ERROR;
				CLANG_WARN_DOCUMENTATION_COMMENTS = YES;
				CLANG_WARN_EMPTY_BODY = YES;
				CLANG_WARN_ENUM_CONVERSION = YES;
				CLANG_WARN_INFINITE_RECURSION = YES;
				CLANG_WARN_INT_CONVERSION = YES;
				CLANG_WARN_NON_LITERAL_NULL_CONVERSION = YES;
				CLANG_WARN_OBJC_IMPLICIT_RETAIN_SELF = YES;
				CLANG_WARN_OBJC_LITERAL_CONVERSION = YES;
				CLANG_WARN_OBJC_ROOT_CLASS = YES_ERROR;
				CLANG_WARN_QUOTED_INCLUDE_IN_FRAMEWORK_HEADER = YES;
				CLANG_WARN_RANGE_LOOP_ANALYSIS = YES;
				CLANG_WARN_STRICT_PROTOTYPES = YES;
				CLANG_WARN_SUSPICIOUS_MOVE = YES;
				CLANG_WARN_UNGUARDED_AVAILABILITY = YES_AGGRESSIVE;
				CLANG_WARN_UNREACHABLE_CODE = YES;
				CLANG_WARN__DUPLICATE_METHOD_MATCH = YES;
				COPY_PHASE_STRIP = NO;
				DEBUG_INFORMATION_FORMAT = dwarf;
				ENABLE_STRICT_OBJC_MSGSEND = YES;
				ENABLE_TESTABILITY = YES;
				GCC_C_LANGUAGE_STANDARD = gnu11;
				GCC_DYNAMIC_NO_PIC = NO;
				GCC_NO_COMMON_BLOCKS = YES;
				GCC_OPTIMIZATION_LEVEL = 0;
				GCC_PREPROCESSOR_DEFINITIONS = (
					"DEBUG=1",
					"$(inherited)",
				);
				GCC_WARN_64_TO_32_BIT_CONVERSION = YES;
				GCC_WARN_ABOUT_RETURN_TYPE = YES_ERROR;
				GCC_WARN_UNDECLARED_SELECTOR = YES;
				GCC_WARN_UNINITIALIZED_AUTOS = YES_AGGRESSIVE;
				GCC_WARN_UNUSED_FUNCTION = YES;
				GCC_WARN_UNUSED_VARIABLE = YES;
				IPHONEOS_DEPLOYMENT_TARGET = 15.5;
				MTL_ENABLE_DEBUG_INFO = INCLUDE_SOURCE;
				MTL_FAST_MATH = YES;
				ONLY_ACTIVE_ARCH = YES;
				SDKROOT = iphoneos;
				SWIFT_ACTIVE_COMPILATION_CONDITIONS = DEBUG;
				SWIFT_OPTIMIZATION_LEVEL = "-Onone";
			};
			name = Debug;
		};
		25A8018228C0F69100ED00E9 /* Release */ = {
			isa = XCBuildConfiguration;
			buildSettings = {
				ALWAYS_SEARCH_USER_PATHS = NO;
				CLANG_ANALYZER_NONNULL = YES;
				CLANG_ANALYZER_NUMBER_OBJECT_CONVERSION = YES_AGGRESSIVE;
				CLANG_CXX_LANGUAGE_STANDARD = "gnu++17";
				CLANG_ENABLE_MODULES = YES;
				CLANG_ENABLE_OBJC_ARC = YES;
				CLANG_ENABLE_OBJC_WEAK = YES;
				CLANG_WARN_BLOCK_CAPTURE_AUTORELEASING = YES;
				CLANG_WARN_BOOL_CONVERSION = YES;
				CLANG_WARN_COMMA = YES;
				CLANG_WARN_CONSTANT_CONVERSION = YES;
				CLANG_WARN_DEPRECATED_OBJC_IMPLEMENTATIONS = YES;
				CLANG_WARN_DIRECT_OBJC_ISA_USAGE = YES_ERROR;
				CLANG_WARN_DOCUMENTATION_COMMENTS = YES;
				CLANG_WARN_EMPTY_BODY = YES;
				CLANG_WARN_ENUM_CONVERSION = YES;
				CLANG_WARN_INFINITE_RECURSION = YES;
				CLANG_WARN_INT_CONVERSION = YES;
				CLANG_WARN_NON_LITERAL_NULL_CONVERSION = YES;
				CLANG_WARN_OBJC_IMPLICIT_RETAIN_SELF = YES;
				CLANG_WARN_OBJC_LITERAL_CONVERSION = YES;
				CLANG_WARN_OBJC_ROOT_CLASS = YES_ERROR;
				CLANG_WARN_QUOTED_INCLUDE_IN_FRAMEWORK_HEADER = YES;
				CLANG_WARN_RANGE_LOOP_ANALYSIS = YES;
				CLANG_WARN_STRICT_PROTOTYPES = YES;
				CLANG_WARN_SUSPICIOUS_MOVE = YES;
				CLANG_WARN_UNGUARDED_AVAILABILITY = YES_AGGRESSIVE;
				CLANG_WARN_UNREACHABLE_CODE = YES;
				CLANG_WARN__DUPLICATE_METHOD_MATCH = YES;
				COPY_PHASE_STRIP = NO;
				DEBUG_INFORMATION_FORMAT = "dwarf-with-dsym";
				ENABLE_NS_ASSERTIONS = NO;
				ENABLE_STRICT_OBJC_MSGSEND = YES;
				GCC_C_LANGUAGE_STANDARD = gnu11;
				GCC_NO_COMMON_BLOCKS = YES;
				GCC_WARN_64_TO_32_BIT_CONVERSION = YES;
				GCC_WARN_ABOUT_RETURN_TYPE = YES_ERROR;
				GCC_WARN_UNDECLARED_SELECTOR = YES;
				GCC_WARN_UNINITIALIZED_AUTOS = YES_AGGRESSIVE;
				GCC_WARN_UNUSED_FUNCTION = YES;
				GCC_WARN_UNUSED_VARIABLE = YES;
				IPHONEOS_DEPLOYMENT_TARGET = 15.5;
				MTL_ENABLE_DEBUG_INFO = NO;
				MTL_FAST_MATH = YES;
				SDKROOT = iphoneos;
				SWIFT_COMPILATION_MODE = wholemodule;
				SWIFT_OPTIMIZATION_LEVEL = "-O";
				VALIDATE_PRODUCT = YES;
			};
			name = Release;
		};
		25A8018428C0F69100ED00E9 /* Debug */ = {
			isa = XCBuildConfiguration;
			buildSettings = {
				ASSETCATALOG_COMPILER_APPICON_NAME = AppIcon;
				ASSETCATALOG_COMPILER_GLOBAL_ACCENT_COLOR_NAME = AccentColor;
				CODE_SIGN_STYLE = Automatic;
				CURRENT_PROJECT_VERSION = 1;
				DEVELOPMENT_ASSET_PATHS = "\"VIPER-Swift/Preview Content\"";
				DEVELOPMENT_TEAM = S8NMR642D4;
				ENABLE_PREVIEWS = YES;
				GENERATE_INFOPLIST_FILE = YES;
				INFOPLIST_FILE = "VIPER-Swift/Info.plist";
				INFOPLIST_KEY_UIApplicationSupportsIndirectInputEvents = YES;
				INFOPLIST_KEY_UILaunchScreen_Generation = YES;
				INFOPLIST_KEY_UISupportedInterfaceOrientations_iPad = "UIInterfaceOrientationPortrait UIInterfaceOrientationPortraitUpsideDown UIInterfaceOrientationLandscapeLeft UIInterfaceOrientationLandscapeRight";
				INFOPLIST_KEY_UISupportedInterfaceOrientations_iPhone = "UIInterfaceOrientationPortrait UIInterfaceOrientationLandscapeLeft UIInterfaceOrientationLandscapeRight";
				LD_RUNPATH_SEARCH_PATHS = (
					"$(inherited)",
					"@executable_path/Frameworks",
				);
				MARKETING_VERSION = 1.0;
				PRODUCT_BUNDLE_IDENTIFIER = "kang.VIPER-Swift";
				PRODUCT_NAME = "$(TARGET_NAME)";
				SWIFT_EMIT_LOC_STRINGS = YES;
				SWIFT_VERSION = 5.0;
				TARGETED_DEVICE_FAMILY = "1,2";
			};
			name = Debug;
		};
		25A8018528C0F69100ED00E9 /* Release */ = {
			isa = XCBuildConfiguration;
			buildSettings = {
				ASSETCATALOG_COMPILER_APPICON_NAME = AppIcon;
				ASSETCATALOG_COMPILER_GLOBAL_ACCENT_COLOR_NAME = AccentColor;
				CODE_SIGN_STYLE = Automatic;
				CURRENT_PROJECT_VERSION = 1;
				DEVELOPMENT_ASSET_PATHS = "\"VIPER-Swift/Preview Content\"";
				DEVELOPMENT_TEAM = S8NMR642D4;
				ENABLE_PREVIEWS = YES;
				GENERATE_INFOPLIST_FILE = YES;
				INFOPLIST_FILE = "VIPER-Swift/Info.plist";
				INFOPLIST_KEY_UIApplicationSupportsIndirectInputEvents = YES;
				INFOPLIST_KEY_UILaunchScreen_Generation = YES;
				INFOPLIST_KEY_UISupportedInterfaceOrientations_iPad = "UIInterfaceOrientationPortrait UIInterfaceOrientationPortraitUpsideDown UIInterfaceOrientationLandscapeLeft UIInterfaceOrientationLandscapeRight";
				INFOPLIST_KEY_UISupportedInterfaceOrientations_iPhone = "UIInterfaceOrientationPortrait UIInterfaceOrientationLandscapeLeft UIInterfaceOrientationLandscapeRight";
				LD_RUNPATH_SEARCH_PATHS = (
					"$(inherited)",
					"@executable_path/Frameworks",
				);
				MARKETING_VERSION = 1.0;
				PRODUCT_BUNDLE_IDENTIFIER = "kang.VIPER-Swift";
				PRODUCT_NAME = "$(TARGET_NAME)";
				SWIFT_EMIT_LOC_STRINGS = YES;
				SWIFT_VERSION = 5.0;
				TARGETED_DEVICE_FAMILY = "1,2";
			};
			name = Release;
		};
/* End XCBuildConfiguration section */

/* Begin XCConfigurationList section */
		25A8017028C0F69000ED00E9 /* Build configuration list for PBXProject "VIPER-Swift" */ = {
			isa = XCConfigurationList;
			buildConfigurations = (
				25A8018128C0F69100ED00E9 /* Debug */,
				25A8018228C0F69100ED00E9 /* Release */,
			);
			defaultConfigurationIsVisible = 0;
			defaultConfigurationName = Release;
		};
		25A8018328C0F69100ED00E9 /* Build configuration list for PBXNativeTarget "VIPER-Swift" */ = {
			isa = XCConfigurationList;
			buildConfigurations = (
				25A8018428C0F69100ED00E9 /* Debug */,
				25A8018528C0F69100ED00E9 /* Release */,
			);
			defaultConfigurationIsVisible = 0;
			defaultConfigurationName = Release;
		};
/* End XCConfigurationList section */

/* Begin XCRemoteSwiftPackageReference section */
		254C050F28D0E0DA00FE62EB /* XCRemoteSwiftPackageReference "Swinject" */ = {
			isa = XCRemoteSwiftPackageReference;
			repositoryURL = "https://github.com/Swinject/Swinject.git";
			requirement = {
				kind = upToNextMajorVersion;
				minimumVersion = 2.0.0;
			};
		};
		2568EE14293F9B8B0081D162 /* XCRemoteSwiftPackageReference "SwiftKeychainWrapper" */ = {
			isa = XCRemoteSwiftPackageReference;
			repositoryURL = "https://github.com/jrendel/SwiftKeychainWrapper.git";
			requirement = {
				kind = upToNextMajorVersion;
				minimumVersion = 4.0.1;
			};
		};
/* End XCRemoteSwiftPackageReference section */

/* Begin XCSwiftPackageProductDependency section */
		254C051028D0E0DA00FE62EB /* Swinject */ = {
			isa = XCSwiftPackageProductDependency;
			package = 254C050F28D0E0DA00FE62EB /* XCRemoteSwiftPackageReference "Swinject" */;
			productName = Swinject;
		};
		2568EE15293F9B8B0081D162 /* SwiftKeychainWrapper */ = {
			isa = XCSwiftPackageProductDependency;
			package = 2568EE14293F9B8B0081D162 /* XCRemoteSwiftPackageReference "SwiftKeychainWrapper" */;
			productName = SwiftKeychainWrapper;
		};
/* End XCSwiftPackageProductDependency section */

/* Begin XCVersionGroup section */
		25E94971292A755E0087D8F0 /* BookJeok.xcdatamodeld */ = {
			isa = XCVersionGroup;
			children = (
				25E94972292A755E0087D8F0 /* BookJeok.xcdatamodel */,
			);
			currentVersion = 25E94972292A755E0087D8F0 /* BookJeok.xcdatamodel */;
			path = BookJeok.xcdatamodeld;
			sourceTree = "<group>";
			versionGroupType = wrapper.xcdatamodel;
		};
/* End XCVersionGroup section */
	};
	rootObject = 25A8016D28C0F69000ED00E9 /* Project object */;
}
